{
  "version": 4,
  "terraform_version": "1.1.9",
  "serial": 979,
  "lineage": "1fe49cd1-4e4a-d191-7366-be46d59fb579",
  "outputs": {
    "aws_instance_main": {
      "value": {
        "ami": "ami-0cb4e786f15603b0d",
        "arn": "arn:aws:ec2:us-west-2:857361946257:instance/i-0717e391b2458cb2b",
        "associate_public_ip_address": true,
        "availability_zone": "us-west-2a",
        "capacity_reservation_specification": [
          {
            "capacity_reservation_preference": "open",
            "capacity_reservation_target": []
          }
        ],
        "cpu_core_count": 1,
        "cpu_threads_per_core": 1,
        "credit_specification": [
          {
            "cpu_credits": "standard"
          }
        ],
        "disable_api_termination": false,
        "ebs_block_device": [],
        "ebs_optimized": false,
        "enclave_options": [
          {
            "enabled": false
          }
        ],
        "ephemeral_block_device": [],
        "get_password_data": false,
        "hibernation": false,
        "host_id": null,
        "iam_instance_profile": "",
        "id": "i-0717e391b2458cb2b",
        "instance_initiated_shutdown_behavior": "stop",
        "instance_state": "running",
        "instance_type": "t2.micro",
        "ipv6_address_count": 0,
        "ipv6_addresses": [],
        "key_name": "",
        "launch_template": [],
        "metadata_options": [
          {
            "http_endpoint": "enabled",
            "http_put_response_hop_limit": 1,
            "http_tokens": "optional"
          }
        ],
        "monitoring": false,
        "network_interface": [
          {
            "delete_on_termination": false,
            "device_index": 0,
            "network_interface_id": "eni-0f63468aa106f13a4"
          },
          {
            "delete_on_termination": false,
            "device_index": 1,
            "network_interface_id": "eni-07b180f9943bddca1"
          }
        ],
        "outpost_arn": "",
        "password_data": "",
        "placement_group": "",
        "placement_partition_number": null,
        "primary_network_interface_id": "eni-0f63468aa106f13a4",
        "private_dns": "ip-172-16-11-100.us-west-2.compute.internal",
        "private_ip": "172.16.11.100",
        "public_dns": "ec2-54-202-46-233.us-west-2.compute.amazonaws.com",
        "public_ip": "54.202.46.233",
        "root_block_device": [
          {
            "delete_on_termination": true,
            "device_name": "/dev/sda1",
            "encrypted": false,
            "iops": 100,
            "kms_key_id": "",
            "tags": {},
            "throughput": 0,
            "volume_id": "vol-02b7b6f6514ce17a0",
            "volume_size": 8,
            "volume_type": "gp2"
          }
        ],
        "secondary_private_ips": [],
        "security_groups": [],
        "source_dest_check": true,
        "subnet_id": "subnet-042f91f01203c5bde",
        "tags": {
          "Name": "CustomMain"
        },
        "tags_all": {
          "Name": "CustomMain"
        },
        "tenancy": "default",
        "timeouts": null,
        "user_data": null,
        "user_data_base64": null,
        "volume_tags": null,
        "vpc_security_group_ids": [
          "sg-0876d5c34a9dc11c5"
        ]
      },
      "type": [
        "object",
        {
          "ami": "string",
          "arn": "string",
          "associate_public_ip_address": "bool",
          "availability_zone": "string",
          "capacity_reservation_specification": [
            "list",
            [
              "object",
              {
                "capacity_reservation_preference": "string",
                "capacity_reservation_target": [
                  "list",
                  [
                    "object",
                    {
                      "capacity_reservation_id": "string"
                    }
                  ]
                ]
              }
            ]
          ],
          "cpu_core_count": "number",
          "cpu_threads_per_core": "number",
          "credit_specification": [
            "list",
            [
              "object",
              {
                "cpu_credits": "string"
              }
            ]
          ],
          "disable_api_termination": "bool",
          "ebs_block_device": [
            "set",
            [
              "object",
              {
                "delete_on_termination": "bool",
                "device_name": "string",
                "encrypted": "bool",
                "iops": "number",
                "kms_key_id": "string",
                "snapshot_id": "string",
                "tags": [
                  "map",
                  "string"
                ],
                "throughput": "number",
                "volume_id": "string",
                "volume_size": "number",
                "volume_type": "string"
              }
            ]
          ],
          "ebs_optimized": "bool",
          "enclave_options": [
            "list",
            [
              "object",
              {
                "enabled": "bool"
              }
            ]
          ],
          "ephemeral_block_device": [
            "set",
            [
              "object",
              {
                "device_name": "string",
                "no_device": "bool",
                "virtual_name": "string"
              }
            ]
          ],
          "get_password_data": "bool",
          "hibernation": "bool",
          "host_id": "string",
          "iam_instance_profile": "string",
          "id": "string",
          "instance_initiated_shutdown_behavior": "string",
          "instance_state": "string",
          "instance_type": "string",
          "ipv6_address_count": "number",
          "ipv6_addresses": [
            "list",
            "string"
          ],
          "key_name": "string",
          "launch_template": [
            "list",
            [
              "object",
              {
                "id": "string",
                "name": "string",
                "version": "string"
              }
            ]
          ],
          "metadata_options": [
            "list",
            [
              "object",
              {
                "http_endpoint": "string",
                "http_put_response_hop_limit": "number",
                "http_tokens": "string"
              }
            ]
          ],
          "monitoring": "bool",
          "network_interface": [
            "set",
            [
              "object",
              {
                "delete_on_termination": "bool",
                "device_index": "number",
                "network_interface_id": "string"
              }
            ]
          ],
          "outpost_arn": "string",
          "password_data": "string",
          "placement_group": "string",
          "placement_partition_number": "number",
          "primary_network_interface_id": "string",
          "private_dns": "string",
          "private_ip": "string",
          "public_dns": "string",
          "public_ip": "string",
          "root_block_device": [
            "list",
            [
              "object",
              {
                "delete_on_termination": "bool",
                "device_name": "string",
                "encrypted": "bool",
                "iops": "number",
                "kms_key_id": "string",
                "tags": [
                  "map",
                  "string"
                ],
                "throughput": "number",
                "volume_id": "string",
                "volume_size": "number",
                "volume_type": "string"
              }
            ]
          ],
          "secondary_private_ips": [
            "set",
            "string"
          ],
          "security_groups": [
            "set",
            "string"
          ],
          "source_dest_check": "bool",
          "subnet_id": "string",
          "tags": [
            "map",
            "string"
          ],
          "tags_all": [
            "map",
            "string"
          ],
          "tenancy": "string",
          "timeouts": [
            "object",
            {
              "create": "string",
              "delete": "string",
              "update": "string"
            }
          ],
          "user_data": "string",
          "user_data_base64": "string",
          "volume_tags": [
            "map",
            "string"
          ],
          "vpc_security_group_ids": [
            "set",
            "string"
          ]
        }
      ]
    },
    "aws_vpc_main": {
      "value": {
        "arn": "arn:aws:ec2:us-west-2:857361946257:vpc/vpc-01566f8d89716e295",
        "assign_generated_ipv6_cidr_block": false,
        "cidr_block": "172.16.0.0/16",
        "default_network_acl_id": "acl-0b2cb2b089e906ad6",
        "default_route_table_id": "rtb-029dea17ee510568b",
        "default_security_group_id": "sg-0876d5c34a9dc11c5",
        "dhcp_options_id": "dopt-0432003572779fc80",
        "enable_classiclink": false,
        "enable_classiclink_dns_support": false,
        "enable_dns_hostnames": true,
        "enable_dns_support": true,
        "id": "vpc-01566f8d89716e295",
        "instance_tenancy": "default",
        "ipv4_ipam_pool_id": null,
        "ipv4_netmask_length": null,
        "ipv6_association_id": "",
        "ipv6_cidr_block": "",
        "ipv6_ipam_pool_id": null,
        "ipv6_netmask_length": null,
        "main_route_table_id": "rtb-029dea17ee510568b",
        "owner_id": "857361946257",
        "tags": {
          "Name": "main"
        },
        "tags_all": {
          "Name": "main"
        }
      },
      "type": [
        "object",
        {
          "arn": "string",
          "assign_generated_ipv6_cidr_block": "bool",
          "cidr_block": "string",
          "default_network_acl_id": "string",
          "default_route_table_id": "string",
          "default_security_group_id": "string",
          "dhcp_options_id": "string",
          "enable_classiclink": "bool",
          "enable_classiclink_dns_support": "bool",
          "enable_dns_hostnames": "bool",
          "enable_dns_support": "bool",
          "id": "string",
          "instance_tenancy": "string",
          "ipv4_ipam_pool_id": "string",
          "ipv4_netmask_length": "number",
          "ipv6_association_id": "string",
          "ipv6_cidr_block": "string",
          "ipv6_ipam_pool_id": "string",
          "ipv6_netmask_length": "number",
          "main_route_table_id": "string",
          "owner_id": "string",
          "tags": [
            "map",
            "string"
          ],
          "tags_all": [
            "map",
            "string"
          ]
        }
      ]
    }
  },
  "resources": [
    {
      "mode": "data",
      "type": "aws_ami",
      "name": "web",
      "provider": "provider[\"registry.terraform.io/hashicorp/aws\"]",
      "instances": [
        {
          "schema_version": 0,
          "attributes": {
            "architecture": "x86_64",
            "arn": "arn:aws:ec2:us-west-2::image/ami-0cb4e786f15603b0d",
            "block_device_mappings": [
              {
                "device_name": "/dev/sda1",
                "ebs": {
                  "delete_on_termination": "true",
                  "encrypted": "false",
                  "iops": "0",
                  "snapshot_id": "snap-09a162032cfa2511e",
                  "throughput": "0",
                  "volume_size": "8",
                  "volume_type": "gp2"
                },
                "no_device": "",
                "virtual_name": ""
              },
              {
                "device_name": "/dev/sdb",
                "ebs": {},
                "no_device": "",
                "virtual_name": "ephemeral0"
              },
              {
                "device_name": "/dev/sdc",
                "ebs": {},
                "no_device": "",
                "virtual_name": "ephemeral1"
              }
            ],
            "creation_date": "2022-04-19T21:02:56.000Z",
            "description": "Canonical, Ubuntu, 20.04 LTS, amd64 focal image build on 2022-04-19",
            "ena_support": true,
            "executable_users": null,
            "filter": [
              {
                "name": "name",
                "values": [
                  "ubuntu/images/hvm-ssd/ubuntu-focal-20.04-amd64-server-*"
                ]
              },
              {
                "name": "state",
                "values": [
                  "available"
                ]
              },
              {
                "name": "virtualization-type",
                "values": [
                  "hvm"
                ]
              }
            ],
            "hypervisor": "xen",
            "id": "ami-0cb4e786f15603b0d",
            "image_id": "ami-0cb4e786f15603b0d",
            "image_location": "099720109477/ubuntu/images/hvm-ssd/ubuntu-focal-20.04-amd64-server-20220419",
            "image_owner_alias": null,
            "image_type": "machine",
            "kernel_id": null,
            "most_recent": true,
            "name": "ubuntu/images/hvm-ssd/ubuntu-focal-20.04-amd64-server-20220419",
            "name_regex": null,
            "owner_id": "099720109477",
            "owners": [
              "099720109477"
            ],
            "platform": null,
            "platform_details": "Linux/UNIX",
            "product_codes": [],
            "public": true,
            "ramdisk_id": null,
            "root_device_name": "/dev/sda1",
            "root_device_type": "ebs",
            "root_snapshot_id": "snap-09a162032cfa2511e",
            "sriov_net_support": "simple",
            "state": "available",
            "state_reason": {
              "code": "UNSET",
              "message": "UNSET"
            },
            "tags": {},
            "usage_operation": "RunInstances",
            "virtualization_type": "hvm"
          },
          "sensitive_attributes": []
        }
      ]
    },
    {
      "mode": "managed",
      "type": "aws_eip",
      "name": "main",
      "provider": "provider[\"registry.terraform.io/hashicorp/aws\"]",
      "instances": [
        {
          "schema_version": 0,
          "attributes": {
            "address": null,
            "allocation_id": "eipalloc-05578dce7412e0cb4",
            "associate_with_private_ip": null,
            "association_id": "eipassoc-000d5722d78548bc3",
            "carrier_ip": "",
            "customer_owned_ip": "",
            "customer_owned_ipv4_pool": "",
            "domain": "vpc",
            "id": "eipalloc-05578dce7412e0cb4",
            "instance": "i-0717e391b2458cb2b",
            "network_border_group": "us-west-2",
            "network_interface": "eni-0f63468aa106f13a4",
            "private_dns": "ip-172-16-11-100.us-west-2.compute.internal",
            "private_ip": "172.16.11.100",
            "public_dns": "ec2-54-202-46-233.us-west-2.compute.amazonaws.com",
            "public_ip": "54.202.46.233",
            "public_ipv4_pool": "amazon",
            "tags": {},
            "tags_all": {},
            "timeouts": null,
            "vpc": true
          },
          "sensitive_attributes": [],
          "private": "eyJlMmJmYjczMC1lY2FhLTExZTYtOGY4OC0zNDM2M2JjN2M0YzAiOnsiZGVsZXRlIjoxODAwMDAwMDAwMDAsInJlYWQiOjkwMDAwMDAwMDAwMCwidXBkYXRlIjozMDAwMDAwMDAwMDB9fQ==",
          "dependencies": [
            "aws_network_interface.main2",
            "aws_subnet.main2",
            "aws_vpc.main"
          ]
        }
      ]
    },
    {
      "mode": "managed",
      "type": "aws_instance",
      "name": "main",
      "provider": "provider[\"registry.terraform.io/hashicorp/aws\"]",
      "instances": [
        {
          "schema_version": 1,
          "attributes": {
            "ami": "ami-0cb4e786f15603b0d",
            "arn": "arn:aws:ec2:us-west-2:857361946257:instance/i-0717e391b2458cb2b",
            "associate_public_ip_address": true,
            "availability_zone": "us-west-2a",
            "capacity_reservation_specification": [
              {
                "capacity_reservation_preference": "open",
                "capacity_reservation_target": []
              }
            ],
            "cpu_core_count": 1,
            "cpu_threads_per_core": 1,
            "credit_specification": [
              {
                "cpu_credits": "standard"
              }
            ],
            "disable_api_termination": false,
            "ebs_block_device": [],
            "ebs_optimized": false,
            "enclave_options": [
              {
                "enabled": false
              }
            ],
            "ephemeral_block_device": [],
            "get_password_data": false,
            "hibernation": false,
            "host_id": null,
            "iam_instance_profile": "",
            "id": "i-0717e391b2458cb2b",
            "instance_initiated_shutdown_behavior": "stop",
            "instance_state": "running",
            "instance_type": "t2.micro",
            "ipv6_address_count": 0,
            "ipv6_addresses": [],
            "key_name": "",
            "launch_template": [],
            "metadata_options": [
              {
                "http_endpoint": "enabled",
                "http_put_response_hop_limit": 1,
                "http_tokens": "optional"
              }
            ],
            "monitoring": false,
            "network_interface": [
              {
                "delete_on_termination": false,
                "device_index": 0,
                "network_interface_id": "eni-0f63468aa106f13a4"
              },
              {
                "delete_on_termination": false,
                "device_index": 1,
                "network_interface_id": "eni-07b180f9943bddca1"
              }
            ],
            "outpost_arn": "",
            "password_data": "",
            "placement_group": "",
            "placement_partition_number": null,
            "primary_network_interface_id": "eni-0f63468aa106f13a4",
            "private_dns": "ip-172-16-11-100.us-west-2.compute.internal",
            "private_ip": "172.16.11.100",
            "public_dns": "ec2-54-202-46-233.us-west-2.compute.amazonaws.com",
            "public_ip": "54.202.46.233",
            "root_block_device": [
              {
                "delete_on_termination": true,
                "device_name": "/dev/sda1",
                "encrypted": false,
                "iops": 100,
                "kms_key_id": "",
                "tags": {},
                "throughput": 0,
                "volume_id": "vol-02b7b6f6514ce17a0",
                "volume_size": 8,
                "volume_type": "gp2"
              }
            ],
            "secondary_private_ips": [],
            "security_groups": [],
            "source_dest_check": true,
            "subnet_id": "subnet-042f91f01203c5bde",
            "tags": {
              "Name": "CustomMain"
            },
            "tags_all": {
              "Name": "CustomMain"
            },
            "tenancy": "default",
            "timeouts": null,
            "user_data": null,
            "user_data_base64": null,
            "volume_tags": null,
            "vpc_security_group_ids": [
              "sg-0876d5c34a9dc11c5"
            ]
          },
          "sensitive_attributes": [],
          "private": "eyJlMmJmYjczMC1lY2FhLTExZTYtOGY4OC0zNDM2M2JjN2M0YzAiOnsiY3JlYXRlIjo2MDAwMDAwMDAwMDAsImRlbGV0ZSI6MTIwMDAwMDAwMDAwMCwidXBkYXRlIjo2MDAwMDAwMDAwMDB9LCJzY2hlbWFfdmVyc2lvbiI6IjEifQ==",
          "dependencies": [
            "aws_network_interface.main",
            "aws_network_interface.main2",
            "aws_subnet.main",
            "aws_subnet.main2",
            "aws_vpc.main",
            "data.aws_ami.web"
          ]
        }
      ]
    },
    {
      "mode": "managed",
      "type": "aws_instance",
      "name": "web",
      "provider": "provider[\"registry.terraform.io/hashicorp/aws\"]",
      "instances": [
        {
          "index_key": 0,
          "schema_version": 1,
          "attributes": {
            "ami": "ami-0cb4e786f15603b0d",
            "arn": "arn:aws:ec2:us-west-2:857361946257:instance/i-01bdc34f595811bdb",
            "associate_public_ip_address": true,
            "availability_zone": "us-west-2c",
            "capacity_reservation_specification": [
              {
                "capacity_reservation_preference": "open",
                "capacity_reservation_target": []
              }
            ],
            "cpu_core_count": 1,
            "cpu_threads_per_core": 1,
            "credit_specification": [
              {
                "cpu_credits": "standard"
              }
            ],
            "disable_api_termination": false,
            "ebs_block_device": [],
            "ebs_optimized": false,
            "enclave_options": [
              {
                "enabled": false
              }
            ],
            "ephemeral_block_device": [],
            "get_password_data": false,
            "hibernation": false,
            "host_id": null,
            "iam_instance_profile": "",
            "id": "i-01bdc34f595811bdb",
            "instance_initiated_shutdown_behavior": "stop",
            "instance_state": "running",
            "instance_type": "t2.micro",
            "ipv6_address_count": 0,
            "ipv6_addresses": [],
            "key_name": "deploy_key",
            "launch_template": [],
            "metadata_options": [
              {
                "http_endpoint": "enabled",
                "http_put_response_hop_limit": 1,
                "http_tokens": "optional"
              }
            ],
            "monitoring": false,
            "network_interface": [],
            "outpost_arn": "",
            "password_data": "",
            "placement_group": "",
            "placement_partition_number": null,
            "primary_network_interface_id": "eni-0bd817708e452df9d",
            "private_dns": "ip-172-31-2-202.us-west-2.compute.internal",
            "private_ip": "172.31.2.202",
            "public_dns": "ec2-34-221-58-157.us-west-2.compute.amazonaws.com",
            "public_ip": "34.221.58.157",
            "root_block_device": [
              {
                "delete_on_termination": true,
                "device_name": "/dev/sda1",
                "encrypted": false,
                "iops": 100,
                "kms_key_id": "",
                "tags": {},
                "throughput": 0,
                "volume_id": "vol-0b585b469069dbeaa",
                "volume_size": 8,
                "volume_type": "gp2"
              }
            ],
            "secondary_private_ips": [],
            "security_groups": [
              "allow_HTTP_S",
              "allow_tcp"
            ],
            "source_dest_check": true,
            "subnet_id": "subnet-0bdbd3127c7113b7a",
            "tags": {
              "Environment": "dev",
              "Name": "TestAppService",
              "Owner": "OlehSobchuk"
            },
            "tags_all": {
              "Environment": "dev",
              "Name": "TestAppService",
              "Owner": "OlehSobchuk"
            },
            "tenancy": "default",
            "timeouts": null,
            "user_data": "dd5ad147ad8ebd2cc947d381e9f429cc0d3ee0ba",
            "user_data_base64": null,
            "volume_tags": null,
            "vpc_security_group_ids": [
              "sg-0142797016643939a",
              "sg-0b950fe6ad108f54a"
            ]
          },
          "sensitive_attributes": [],
          "private": "eyJlMmJmYjczMC1lY2FhLTExZTYtOGY4OC0zNDM2M2JjN2M0YzAiOnsiY3JlYXRlIjo2MDAwMDAwMDAwMDAsImRlbGV0ZSI6MTIwMDAwMDAwMDAwMCwidXBkYXRlIjo2MDAwMDAwMDAwMDB9LCJzY2hlbWFfdmVyc2lvbiI6IjEifQ==",
          "dependencies": [
            "aws_key_pair.deploy",
            "aws_security_group.allow_http_s",
            "aws_security_group.allow_tcp",
            "data.aws_ami.web",
            "tls_private_key.deploy_key"
          ],
          "create_before_destroy": true
        }
      ]
    },
    {
      "mode": "managed",
      "type": "aws_internet_gateway",
      "name": "main",
      "provider": "provider[\"registry.terraform.io/hashicorp/aws\"]",
      "instances": [
        {
          "schema_version": 0,
          "attributes": {
            "arn": "arn:aws:ec2:us-west-2:857361946257:internet-gateway/igw-0f6bda84976ea1125",
            "id": "igw-0f6bda84976ea1125",
            "owner_id": "857361946257",
            "tags": {
              "Name": "main"
            },
            "tags_all": {
              "Name": "main"
            },
            "vpc_id": "vpc-01566f8d89716e295"
          },
          "sensitive_attributes": [],
          "private": "bnVsbA==",
          "dependencies": [
            "aws_vpc.main"
          ]
        }
      ]
    },
    {
      "mode": "managed",
      "type": "aws_key_pair",
      "name": "deploy",
      "provider": "provider[\"registry.terraform.io/hashicorp/aws\"]",
      "instances": [
        {
          "schema_version": 1,
          "attributes": {
            "arn": "arn:aws:ec2:us-west-2:857361946257:key-pair/deploy_key",
            "fingerprint": "9e:b8:d0:2e:49:b1:54:42:ed:b0:14:f3:d1:35:95:55",
            "id": "deploy_key",
            "key_name": "deploy_key",
            "key_name_prefix": "",
            "key_pair_id": "key-040791f11602c6c6c",
            "public_key": "ssh-rsa AAAAB3NzaC1yc2EAAAADAQABAAACAQC90z3bx1EIm8oM4VL2nwmfg2MDFqKrN6SlA8hli+PPDmnCppeQqNDCZylon97VyOZE6bxtVgRFF6ov4MB+x4NM7aaEoMRKGw6jPUBdhbEgKgaOEGrVNZcu+XVOVFdVIJaCbBVCyMo3op6zjphLJCBeOGDdz6YzKgflzSSXDmwfO/kvwdmgjA/ThIbtmGlbsdcETVfNUWOAu2uvcArO0W6fH0iBeIe2XKuqbLezzUCvJtiM40PhioFcdUKH4yBJXHb3GvLM5Xy1yri8Ucin2jcSrD1U9GXf9Zr2XGMla4lGvzOiDXdfn5NaG/J0TZwHOpyN5fv7r5W/Z1SWQmNvqzLHusF4IsS5N51+QOeQGLVI+Ls8K9XEZ/i66nl3GoYN0ZI6PZSVuP7Ju/n0Yax9gpkkzQRqQBJ54CJLSBX6L1vXHo9xspZsnhlb69m6umHo0GQnLjqiiAw5Nu+wnQQSegKnqCOxCNBJCAyUjIIOpLczUW9T+NvyX8bsC2qnrG984Y/HcBvlBAZ+hn+lqzSIkgXA0lROiBGY1DB0vzvIa0ygCFweCIiQRop/r1L5U9ZyqT5RvLSa62A82dpCnXu/qvmh3XYhjBQBtOg5gBdATcSULi6A+qXMQ8gMRpkdcqXEtxP+subJ1Avo4Bu3xl9+lfW0nrQ7YXu1SptGgztsfT13zQ==",
            "tags": {
              "Creator": "OlehSobchuk"
            },
            "tags_all": {
              "Creator": "OlehSobchuk"
            }
          },
          "sensitive_attributes": [],
          "private": "eyJzY2hlbWFfdmVyc2lvbiI6IjEifQ==",
          "dependencies": [
            "tls_private_key.deploy_key"
          ],
          "create_before_destroy": true
        }
      ]
    },
    {
      "mode": "managed",
      "type": "aws_kms_key",
      "name": "kms_secret",
      "provider": "provider[\"registry.terraform.io/hashicorp/aws\"]",
      "instances": [
        {
          "schema_version": 0,
          "attributes": {
            "arn": "arn:aws:kms:us-west-2:857361946257:key/8af383aa-d7a0-4e70-a055-29bb0db9a618",
            "bypass_policy_lockout_safety_check": false,
            "customer_master_key_spec": "SYMMETRIC_DEFAULT",
            "deletion_window_in_days": 7,
            "description": "KMS key",
            "enable_key_rotation": false,
            "id": "8af383aa-d7a0-4e70-a055-29bb0db9a618",
            "is_enabled": true,
            "key_id": "8af383aa-d7a0-4e70-a055-29bb0db9a618",
            "key_usage": "ENCRYPT_DECRYPT",
            "multi_region": false,
            "policy": "{\"Id\":\"key-default-1\",\"Statement\":[{\"Action\":\"kms:*\",\"Effect\":\"Allow\",\"Principal\":{\"AWS\":\"arn:aws:iam::857361946257:root\"},\"Resource\":\"*\",\"Sid\":\"Enable IAM User Permissions\"}],\"Version\":\"2012-10-17\"}",
            "tags": {},
            "tags_all": {}
          },
          "sensitive_attributes": [],
          "private": "bnVsbA=="
        }
      ]
    },
    {
      "mode": "managed",
      "type": "aws_network_interface",
      "name": "main",
      "provider": "provider[\"registry.terraform.io/hashicorp/aws\"]",
      "instances": [
        {
          "schema_version": 0,
          "attributes": {
            "arn": "arn:aws:ec2:us-west-2:857361946257:network-interface/eni-07b180f9943bddca1",
            "attachment": [
              {
                "attachment_id": "eni-attach-0f0b71c99b29e5444",
                "device_index": 1,
                "instance": "i-0717e391b2458cb2b"
              }
            ],
            "description": "",
            "id": "eni-07b180f9943bddca1",
            "interface_type": "interface",
            "ipv4_prefix_count": 0,
            "ipv4_prefixes": [],
            "ipv6_address_count": 0,
            "ipv6_addresses": [],
            "ipv6_prefix_count": 0,
            "ipv6_prefixes": [],
            "mac_address": "06:de:7f:70:4e:1d",
            "outpost_arn": "",
            "owner_id": "857361946257",
            "private_dns_name": "ip-172-16-10-100.us-west-2.compute.internal",
            "private_ip": "172.16.10.100",
            "private_ips": [
              "172.16.10.100"
            ],
            "private_ips_count": 0,
            "security_groups": [
              "sg-0876d5c34a9dc11c5"
            ],
            "source_dest_check": true,
            "subnet_id": "subnet-0e35cdfa121479025",
            "tags": {
              "Name": "CustomMain"
            },
            "tags_all": {
              "Name": "CustomMain"
            }
          },
          "sensitive_attributes": [],
          "private": "bnVsbA==",
          "dependencies": [
            "aws_subnet.main",
            "aws_vpc.main"
          ]
        }
      ]
    },
    {
      "mode": "managed",
      "type": "aws_network_interface",
      "name": "main2",
      "provider": "provider[\"registry.terraform.io/hashicorp/aws\"]",
      "instances": [
        {
          "schema_version": 0,
          "attributes": {
            "arn": "arn:aws:ec2:us-west-2:857361946257:network-interface/eni-0f63468aa106f13a4",
            "attachment": [
              {
                "attachment_id": "eni-attach-0222be6b49e7fe437",
                "device_index": 0,
                "instance": "i-0717e391b2458cb2b"
              }
            ],
            "description": "",
            "id": "eni-0f63468aa106f13a4",
            "interface_type": "interface",
            "ipv4_prefix_count": 0,
            "ipv4_prefixes": [],
            "ipv6_address_count": 0,
            "ipv6_addresses": [],
            "ipv6_prefix_count": 0,
            "ipv6_prefixes": [],
            "mac_address": "06:ef:46:30:68:05",
            "outpost_arn": "",
            "owner_id": "857361946257",
            "private_dns_name": "ip-172-16-11-100.us-west-2.compute.internal",
            "private_ip": "172.16.11.100",
            "private_ips": [
              "172.16.11.100"
            ],
            "private_ips_count": 0,
            "security_groups": [
              "sg-0876d5c34a9dc11c5"
            ],
            "source_dest_check": true,
            "subnet_id": "subnet-042f91f01203c5bde",
            "tags": {
              "Name": "CustomMain2"
            },
            "tags_all": {
              "Name": "CustomMain2"
            }
          },
          "sensitive_attributes": [],
          "private": "bnVsbA==",
          "dependencies": [
            "aws_subnet.main2",
            "aws_vpc.main"
          ]
        }
      ]
    },
    {
      "mode": "managed",
      "type": "aws_route_table",
      "name": "main",
      "provider": "provider[\"registry.terraform.io/hashicorp/aws\"]",
      "instances": [
        {
          "schema_version": 0,
          "attributes": {
            "arn": "arn:aws:ec2:us-west-2:857361946257:route-table/rtb-085852a3db38c1276",
            "id": "rtb-085852a3db38c1276",
            "owner_id": "857361946257",
            "propagating_vgws": [],
            "route": [
              {
                "carrier_gateway_id": "",
                "cidr_block": "10.0.1.0/24",
                "destination_prefix_list_id": "",
                "egress_only_gateway_id": "",
                "gateway_id": "igw-0f6bda84976ea1125",
                "instance_id": "",
                "ipv6_cidr_block": "",
                "local_gateway_id": "",
                "nat_gateway_id": "",
                "network_interface_id": "",
                "transit_gateway_id": "",
                "vpc_endpoint_id": "",
                "vpc_peering_connection_id": ""
              }
            ],
            "tags": {
              "Name": "RouteMain"
            },
            "tags_all": {
              "Name": "RouteMain"
            },
            "timeouts": null,
            "vpc_id": "vpc-01566f8d89716e295"
          },
          "sensitive_attributes": [],
          "private": "eyJlMmJmYjczMC1lY2FhLTExZTYtOGY4OC0zNDM2M2JjN2M0YzAiOnsiY3JlYXRlIjoxMjAwMDAwMDAwMDAsImRlbGV0ZSI6MzAwMDAwMDAwMDAwLCJ1cGRhdGUiOjEyMDAwMDAwMDAwMH19",
          "dependencies": [
            "aws_internet_gateway.main",
            "aws_vpc.main"
          ]
        }
      ]
    },
    {
      "mode": "managed",
      "type": "aws_route_table_association",
      "name": "main",
      "provider": "provider[\"registry.terraform.io/hashicorp/aws\"]",
      "instances": [
        {
          "schema_version": 0,
          "attributes": {
            "gateway_id": "",
            "id": "rtbassoc-0f32584b57841f919",
            "route_table_id": "rtb-085852a3db38c1276",
            "subnet_id": "subnet-042f91f01203c5bde"
          },
          "sensitive_attributes": [],
          "private": "bnVsbA==",
          "dependencies": [
            "aws_internet_gateway.main",
            "aws_route_table.main",
            "aws_subnet.main2",
            "aws_vpc.main"
          ]
        }
      ]
    },
    {
      "mode": "managed",
      "type": "aws_s3_bucket",
      "name": "deploy_bucket",
      "provider": "provider[\"registry.terraform.io/hashicorp/aws\"]",
      "instances": [
        {
          "schema_version": 0,
          "attributes": {
            "acceleration_status": "",
            "acl": "public-read",
            "arn": "arn:aws:s3:::deploy-bucket-ef7f1d5b-fd07-4b69-f375-04b3b8e4b5e6",
            "bucket": "deploy-bucket-ef7f1d5b-fd07-4b69-f375-04b3b8e4b5e6",
            "bucket_domain_name": "deploy-bucket-ef7f1d5b-fd07-4b69-f375-04b3b8e4b5e6.s3.amazonaws.com",
            "bucket_prefix": null,
            "bucket_regional_domain_name": "deploy-bucket-ef7f1d5b-fd07-4b69-f375-04b3b8e4b5e6.s3.us-west-2.amazonaws.com",
            "cors_rule": [],
            "force_destroy": false,
            "grant": [],
            "hosted_zone_id": "Z3BJ6K6RIION7M",
            "id": "deploy-bucket-ef7f1d5b-fd07-4b69-f375-04b3b8e4b5e6",
            "lifecycle_rule": [],
            "logging": [],
            "object_lock_configuration": [],
            "policy": null,
            "region": "us-west-2",
            "replication_configuration": [],
            "request_payer": "BucketOwner",
            "server_side_encryption_configuration": [
              {
                "rule": [
                  {
                    "apply_server_side_encryption_by_default": [
                      {
                        "kms_master_key_id": "arn:aws:kms:us-west-2:857361946257:key/8af383aa-d7a0-4e70-a055-29bb0db9a618",
                        "sse_algorithm": "aws:kms"
                      }
                    ],
                    "bucket_key_enabled": false
                  }
                ]
              }
            ],
            "tags": {
              "Environment": "dev",
              "Name": "Deploy bucket"
            },
            "tags_all": {
              "Environment": "dev",
              "Name": "Deploy bucket"
            },
            "versioning": [
              {
                "enabled": false,
                "mfa_delete": false
              }
            ],
            "website": [],
            "website_domain": null,
            "website_endpoint": null
          },
          "sensitive_attributes": [],
          "private": "bnVsbA==",
          "dependencies": [
            "aws_kms_key.kms_secret",
            "random_uuid.uuid"
          ]
        }
      ]
    },
    {
      "mode": "managed",
      "type": "aws_security_group",
      "name": "allow_http_s",
      "provider": "provider[\"registry.terraform.io/hashicorp/aws\"]",
      "instances": [
        {
          "schema_version": 1,
          "attributes": {
            "arn": "arn:aws:ec2:us-west-2:857361946257:security-group/sg-0b950fe6ad108f54a",
            "description": "Allow HTTP(S) inbound traffic",
            "egress": [
              {
                "cidr_blocks": [
                  "0.0.0.0/0"
                ],
                "description": "",
                "from_port": 0,
                "ipv6_cidr_blocks": [],
                "prefix_list_ids": [],
                "protocol": "-1",
                "security_groups": [],
                "self": false,
                "to_port": 0
              }
            ],
            "id": "sg-0b950fe6ad108f54a",
            "ingress": [
              {
                "cidr_blocks": [
                  "0.0.0.0/0"
                ],
                "description": "HTTP from VPC",
                "from_port": 80,
                "ipv6_cidr_blocks": [],
                "prefix_list_ids": [],
                "protocol": "tcp",
                "security_groups": [],
                "self": false,
                "to_port": 80
              },
              {
                "cidr_blocks": [
                  "0.0.0.0/0"
                ],
                "description": "TLS from VPC",
                "from_port": 443,
                "ipv6_cidr_blocks": [],
                "prefix_list_ids": [],
                "protocol": "tcp",
                "security_groups": [],
                "self": false,
                "to_port": 443
              }
            ],
            "name": "allow_HTTP_S",
            "name_prefix": "",
            "owner_id": "857361946257",
            "revoke_rules_on_delete": false,
            "tags": {},
            "tags_all": {},
            "timeouts": null,
            "vpc_id": "vpc-09d62e482db835122"
          },
          "sensitive_attributes": [],
          "private": "eyJlMmJmYjczMC1lY2FhLTExZTYtOGY4OC0zNDM2M2JjN2M0YzAiOnsiY3JlYXRlIjo2MDAwMDAwMDAwMDAsImRlbGV0ZSI6OTAwMDAwMDAwMDAwfSwic2NoZW1hX3ZlcnNpb24iOiIxIn0=",
          "create_before_destroy": true
        }
      ]
    },
    {
      "mode": "managed",
      "type": "aws_security_group",
      "name": "allow_tcp",
      "provider": "provider[\"registry.terraform.io/hashicorp/aws\"]",
      "instances": [
        {
          "schema_version": 1,
          "attributes": {
            "arn": "arn:aws:ec2:us-west-2:857361946257:security-group/sg-0142797016643939a",
            "description": "Allow TCP inbound traffic",
            "egress": [
              {
                "cidr_blocks": [
                  "0.0.0.0/0"
                ],
                "description": "",
                "from_port": 0,
                "ipv6_cidr_blocks": [],
                "prefix_list_ids": [],
                "protocol": "-1",
                "security_groups": [],
                "self": false,
                "to_port": 0
              }
            ],
            "id": "sg-0142797016643939a",
            "ingress": [
              {
                "cidr_blocks": [
                  "0.0.0.0/0"
                ],
                "description": "",
                "from_port": 22,
                "ipv6_cidr_blocks": [],
                "prefix_list_ids": [],
                "protocol": "tcp",
                "security_groups": [],
                "self": false,
                "to_port": 22
              }
            ],
            "name": "allow_tcp",
            "name_prefix": "",
            "owner_id": "857361946257",
            "revoke_rules_on_delete": false,
            "tags": {},
            "tags_all": {},
            "timeouts": null,
            "vpc_id": "vpc-09d62e482db835122"
          },
          "sensitive_attributes": [],
          "private": "eyJlMmJmYjczMC1lY2FhLTExZTYtOGY4OC0zNDM2M2JjN2M0YzAiOnsiY3JlYXRlIjo2MDAwMDAwMDAwMDAsImRlbGV0ZSI6OTAwMDAwMDAwMDAwfSwic2NoZW1hX3ZlcnNpb24iOiIxIn0=",
          "create_before_destroy": true
        }
      ]
    },
    {
      "mode": "managed",
      "type": "aws_subnet",
      "name": "main",
      "provider": "provider[\"registry.terraform.io/hashicorp/aws\"]",
      "instances": [
        {
          "schema_version": 1,
          "attributes": {
            "arn": "arn:aws:ec2:us-west-2:857361946257:subnet/subnet-0e35cdfa121479025",
            "assign_ipv6_address_on_creation": false,
            "availability_zone": "us-west-2a",
            "availability_zone_id": "usw2-az2",
            "cidr_block": "172.16.10.0/24",
            "customer_owned_ipv4_pool": "",
            "id": "subnet-0e35cdfa121479025",
            "ipv6_cidr_block": "",
            "ipv6_cidr_block_association_id": "",
            "map_customer_owned_ip_on_launch": false,
            "map_public_ip_on_launch": true,
            "outpost_arn": "",
            "owner_id": "857361946257",
            "tags": {
              "Name": "CustomMain"
            },
            "tags_all": {
              "Name": "CustomMain"
            },
            "timeouts": null,
            "vpc_id": "vpc-01566f8d89716e295"
          },
          "sensitive_attributes": [],
          "private": "eyJlMmJmYjczMC1lY2FhLTExZTYtOGY4OC0zNDM2M2JjN2M0YzAiOnsiY3JlYXRlIjo2MDAwMDAwMDAwMDAsImRlbGV0ZSI6MTIwMDAwMDAwMDAwMH0sInNjaGVtYV92ZXJzaW9uIjoiMSJ9",
          "dependencies": [
            "aws_vpc.main"
          ]
        }
      ]
    },
    {
      "mode": "managed",
      "type": "aws_subnet",
      "name": "main2",
      "provider": "provider[\"registry.terraform.io/hashicorp/aws\"]",
      "instances": [
        {
          "schema_version": 1,
          "attributes": {
            "arn": "arn:aws:ec2:us-west-2:857361946257:subnet/subnet-042f91f01203c5bde",
            "assign_ipv6_address_on_creation": false,
            "availability_zone": "us-west-2a",
            "availability_zone_id": "usw2-az2",
            "cidr_block": "172.16.11.0/24",
            "customer_owned_ipv4_pool": "",
            "id": "subnet-042f91f01203c5bde",
            "ipv6_cidr_block": "",
            "ipv6_cidr_block_association_id": "",
            "map_customer_owned_ip_on_launch": false,
            "map_public_ip_on_launch": true,
            "outpost_arn": "",
            "owner_id": "857361946257",
            "tags": {
              "Name": "CustomMain2"
            },
            "tags_all": {
              "Name": "CustomMain2"
            },
            "timeouts": null,
            "vpc_id": "vpc-01566f8d89716e295"
          },
          "sensitive_attributes": [],
          "private": "eyJlMmJmYjczMC1lY2FhLTExZTYtOGY4OC0zNDM2M2JjN2M0YzAiOnsiY3JlYXRlIjo2MDAwMDAwMDAwMDAsImRlbGV0ZSI6MTIwMDAwMDAwMDAwMH0sInNjaGVtYV92ZXJzaW9uIjoiMSJ9",
          "dependencies": [
            "aws_vpc.main"
          ]
        }
      ]
    },
    {
      "mode": "managed",
      "type": "aws_vpc",
      "name": "main",
      "provider": "provider[\"registry.terraform.io/hashicorp/aws\"]",
      "instances": [
        {
          "schema_version": 1,
          "attributes": {
            "arn": "arn:aws:ec2:us-west-2:857361946257:vpc/vpc-01566f8d89716e295",
            "assign_generated_ipv6_cidr_block": false,
            "cidr_block": "172.16.0.0/16",
            "default_network_acl_id": "acl-0b2cb2b089e906ad6",
            "default_route_table_id": "rtb-029dea17ee510568b",
            "default_security_group_id": "sg-0876d5c34a9dc11c5",
            "dhcp_options_id": "dopt-0432003572779fc80",
            "enable_classiclink": false,
            "enable_classiclink_dns_support": false,
            "enable_dns_hostnames": true,
            "enable_dns_support": true,
            "id": "vpc-01566f8d89716e295",
            "instance_tenancy": "default",
            "ipv4_ipam_pool_id": null,
            "ipv4_netmask_length": null,
            "ipv6_association_id": "",
            "ipv6_cidr_block": "",
            "ipv6_ipam_pool_id": null,
            "ipv6_netmask_length": null,
            "main_route_table_id": "rtb-029dea17ee510568b",
            "owner_id": "857361946257",
            "tags": {
              "Name": "main"
            },
            "tags_all": {
              "Name": "main"
            }
          },
          "sensitive_attributes": [],
          "private": "eyJzY2hlbWFfdmVyc2lvbiI6IjEifQ=="
        }
      ]
    },
    {
      "mode": "managed",
      "type": "local_file",
      "name": "private_key",
      "provider": "provider[\"registry.terraform.io/hashicorp/local\"]",
      "instances": [
        {
          "schema_version": 0,
          "attributes": {
            "content": "-----BEGIN RSA PRIVATE KEY-----\nMIIJKgIBAAKCAgEAvdM928dRCJvKDOFS9p8Jn4NjAxaiqzekpQPIZYvjzw5pwqaX\nkKjQwmcpaJ/e1cjmROm8bVYERReqL+DAfseDTO2mhKDEShsOoz1AXYWxICoGjhBq\n1TWXLvl1TlRXVSCWgmwVQsjKN6Kes46YSyQgXjhg3c+mMyoH5c0klw5sHzv5L8HZ\noIwP04SG7ZhpW7HXBE1XzVFjgLtrr3AKztFunx9IgXiHtlyrqmy3s81ArybYjOND\n4YqBXHVCh+MgSVx29xryzOV8tcq4vFHIp9o3Eqw9VPRl3/Wa9lxjJWuJRr8zog13\nX5+TWhvydE2cBzqcjeX7+6+Vv2dUlkJjb6syx7rBeCLEuTedfkDnkBi1SPi7PCvV\nxGf4uup5dxqGDdGSOj2Ulbj+ybv59GGsfYKZJM0EakASeeAiS0gV+i9b1x6PcbKW\nbJ4ZW+vZurph6NBkJy46oogMOTbvsJ0EEnoCp6gjsQjQSQgMlIyCDqS3M1FvU/jb\n8l/G7Atqp6xvfOGPx3Ab5QQGfoZ/pas0iJIFwNJUTogRmNQwdL87yGtMoAhcHgiI\nkEaKf69S+VPWcqk+Uby0mutgPNnaQp17v6r5od12IYwUAbToOYAXQE3ElC4ugPql\nzEPIDEaZHXKlxLcT/rLmydQL6OAbt8ZffpX1tJ60O2F7tUqbRoM7bH09d80CAwEA\nAQKCAgEAiGTqg6q5rQfTrGGS7SXlEjqjwCpZg9Edenw3V8+mRrbCg1yUdxr1tVnO\nxSBqSw5pdobEH4O42bRhUrmZVv8gdvwjtBSYNe8vG1f9kbVoSgYoY5ekS8KP+O7B\nvSCZB8+8lcX3mN8RfdxZUAdbolI497pmz7pOX2EJ/7LhYbC5O9AqAoi1SMia7o7B\nLKNgwMQODUdNmXermWoRvCMzgNu3MpqVzIHAceYwaupnLMiEe9Xbr4/0zHBq9vZC\nccVfA5du26r/Xv5eF3msN5REK2d+PuqHvy1EriGZ0P8dNlwIbU8hWIV4irrsc8i0\n86B4RjF1H/hqkLPfU4J5ouXc8PYAK4f4rCCM+Un3z8JA6+/6mI/ZOlqo8/BAsY59\no9HsoQkJWF3J8iaDLV7gHcn0KhXH5mPEnlCP2mgZhiMotcec+2rjpj1ImBYwh7fn\nPHx9ilGYMgZgc62wFDMhcPoDFW8eY4BpcfaJtkpfHwihdLp2MCiQHbWI9wV4Z+pS\nmEZCxe/xNDrGI8M6DirAsbwohy4Rw0PVfXwJsRIUrxF2jlctXEGdtj0ek97gAyAP\nfnJ5C72K5XnFyyJeTv9L1j7tDrCnPiRZxJ0L1HJ8TN4DPax2rS7rl//29E/AVwSY\nSBEgkyqFQUHywtUsA5tOaU5P1gNurhek6h4q3hBv+f4GrGv4DoECggEBAPkhXBpi\nUyemEsMZsJIrLSZsleY7EniqLdYyKFKx9c2zy+EKXDs4NRIG2x77/mnxa80ylO5h\nfJEIpuEyT2CdUuQaC/iIESmeMfyviFv/vVmsSoVen7oEqVzDi/19FQAfN9DafU7J\nqo/uTUr50HUBVsKnv/GWrBCtwomvrPsweZ0JOfzy5QzfxUM6pkwCh+GL/GrRA80e\nVssISkmkugN/DyRbQKWAVrE5n35v203IlHiztREbbNfPLstBkDysve+H0+XaK6K7\n6gQ5nxIy359SvzipbmXIPGW94Ewpi6r2zEj/Oikb0ORF97F3Zkj+jUS7a7KC1+L8\nO5jkUoIOJbRDPl0CggEBAMMPPWUMF17t+9lklz/JjGrzmX85FjJ5vSb775Hi181c\niXuiariJNFSiMMnygUgztYAD7H5Vi0O0sqcF+gZopf/9YJb51TROd1towbeVcQWP\n7aEBtOaEMokKpLUp8ZoYOI8u66PebbykT3+40K/XYQceQ/wZv3DAsYsRPaR0O+k7\nPFmKtfUvLNYRwFv/TnLHPU/h1aeRicEEaOw5pi4oNGa88XbhpJMWbzji3UxOWnOc\nvgY/s+twKwvJaM8E4jEZdXFwfGSHzhy7WYRYBb4yixHZoBUdpQ35bzMemJyBDZJW\n8NaetHtag8BN/Cf3dsCSfNEU4af7siC2/opSnHsgKDECggEAcGr6SbmWtmx9SOad\nw8eR7yXOmn6LfkGkv2QQyAgf1/vLAziOl/ZsFD9dv2SM0DetooGxrMP21udljncK\nVJmJXv7V6gdUX0hQXCrFSGZlhkJ1uisRvnn+BqsCz5cS0+RCZo9BPj1IJvysiimi\nRDofcWUK+zQ3XqtZ/pF0aEDej9sq/JaKfz22oPilM+VsdX2aoITCx1tqZOHPy912\nRr+eEJTQ3h3EgOJ0szQ8bKQXQ0Qsb5TFj7ig7/0c3hRA/QZ4ut6xFBThq5hozGiC\nej13plTmSS2K+4or3ZJdwP7u/f2VvBkeMPPVqpIraMLc8mf0WDAsxPN23S4igSdr\nIiW5zQKCAQEAqIUGGcK0fkNFDrAlK+rI8a27s3pyfvFGRePrOjKtFrMX5ESRxxRi\nraviUta8ctCZwhuhuhPV2YzHvB0hwV+v6tXRGR6G4EXaQJLkqeLmXlPWjP+Ydn9H\n2bXkTtAJ94NteeajllOYox2hwUq+oOyG20t+mNL13kfcG7Wtd+Mjz4Bpx0JbqZQ0\nPE3hzploASm5Asate7P1O1i//TZhKAd8HjamtnqDYMBFHvSBFGetJa0JTwTCQGoM\nBobfkds6QAkqufLgxUm+/Huv/vK9I3EvTSCjeRq/eq9BLv0EBFJKk1+hewpqCxhM\nM1wsuarGYeEtDMXpnuOJJVJz3rU4k/dYQQKCAQEArCzPblZW7wLEPfaa+8NNUukD\njM7Xk3f6cpYs5Ipd12KCYSz//ttQ3neRQjnwkwsL1kP94OQI40XPMy1V2by3qNQv\nBNAzfxAaM+r3l5Ax+nXeoYRX3sUM5PB3FFoUfyG5MKmdNPNg4DL2FIa6qJstKbIh\naXr2irkqr76TvyFlMUocqTm72VM5+2QA5Mdhz0XUin0NC3cEQeBBZCNGKdsyRNNj\npoFQcUXlbHpk/plfXW6TdpXFB9I3Xk/Hd+r5TpQxFuVHrLEUH7EMBZOxOCUk2Q7/\nXufyg+WVkFjQG5V4RQr2On7WuFNUHiaSkm0iBOqrQpEtx+wAZha6JJRl/33Y6Q==\n-----END RSA PRIVATE KEY-----\n",
            "content_base64": null,
            "directory_permission": "0777",
            "file_permission": "400",
            "filename": "./deploy_key.pem",
            "id": "016b9ab11d5599739c07a462932f9b0641c490b7",
            "sensitive_content": null,
            "source": null
          },
          "sensitive_attributes": [
            [
              {
                "type": "get_attr",
                "value": "content"
              }
            ]
          ],
          "private": "bnVsbA==",
          "dependencies": [
            "tls_private_key.deploy_key"
          ]
        }
      ]
    },
    {
      "mode": "managed",
      "type": "random_uuid",
      "name": "uuid",
      "provider": "provider[\"registry.terraform.io/hashicorp/random\"]",
      "instances": [
        {
          "schema_version": 0,
          "attributes": {
            "id": "ef7f1d5b-fd07-4b69-f375-04b3b8e4b5e6",
            "keepers": null,
            "result": "ef7f1d5b-fd07-4b69-f375-04b3b8e4b5e6"
          },
          "sensitive_attributes": [],
          "private": "bnVsbA=="
        }
      ]
    },
    {
      "mode": "managed",
      "type": "tls_private_key",
      "name": "deploy_key",
      "provider": "provider[\"registry.terraform.io/hashicorp/tls\"]",
      "instances": [
        {
          "schema_version": 0,
          "attributes": {
            "algorithm": "RSA",
            "ecdsa_curve": "P224",
            "id": "03347641c71aae341109968bf24973c817affaff",
            "private_key_pem": "-----BEGIN RSA PRIVATE KEY-----\nMIIJKgIBAAKCAgEAvdM928dRCJvKDOFS9p8Jn4NjAxaiqzekpQPIZYvjzw5pwqaX\nkKjQwmcpaJ/e1cjmROm8bVYERReqL+DAfseDTO2mhKDEShsOoz1AXYWxICoGjhBq\n1TWXLvl1TlRXVSCWgmwVQsjKN6Kes46YSyQgXjhg3c+mMyoH5c0klw5sHzv5L8HZ\noIwP04SG7ZhpW7HXBE1XzVFjgLtrr3AKztFunx9IgXiHtlyrqmy3s81ArybYjOND\n4YqBXHVCh+MgSVx29xryzOV8tcq4vFHIp9o3Eqw9VPRl3/Wa9lxjJWuJRr8zog13\nX5+TWhvydE2cBzqcjeX7+6+Vv2dUlkJjb6syx7rBeCLEuTedfkDnkBi1SPi7PCvV\nxGf4uup5dxqGDdGSOj2Ulbj+ybv59GGsfYKZJM0EakASeeAiS0gV+i9b1x6PcbKW\nbJ4ZW+vZurph6NBkJy46oogMOTbvsJ0EEnoCp6gjsQjQSQgMlIyCDqS3M1FvU/jb\n8l/G7Atqp6xvfOGPx3Ab5QQGfoZ/pas0iJIFwNJUTogRmNQwdL87yGtMoAhcHgiI\nkEaKf69S+VPWcqk+Uby0mutgPNnaQp17v6r5od12IYwUAbToOYAXQE3ElC4ugPql\nzEPIDEaZHXKlxLcT/rLmydQL6OAbt8ZffpX1tJ60O2F7tUqbRoM7bH09d80CAwEA\nAQKCAgEAiGTqg6q5rQfTrGGS7SXlEjqjwCpZg9Edenw3V8+mRrbCg1yUdxr1tVnO\nxSBqSw5pdobEH4O42bRhUrmZVv8gdvwjtBSYNe8vG1f9kbVoSgYoY5ekS8KP+O7B\nvSCZB8+8lcX3mN8RfdxZUAdbolI497pmz7pOX2EJ/7LhYbC5O9AqAoi1SMia7o7B\nLKNgwMQODUdNmXermWoRvCMzgNu3MpqVzIHAceYwaupnLMiEe9Xbr4/0zHBq9vZC\nccVfA5du26r/Xv5eF3msN5REK2d+PuqHvy1EriGZ0P8dNlwIbU8hWIV4irrsc8i0\n86B4RjF1H/hqkLPfU4J5ouXc8PYAK4f4rCCM+Un3z8JA6+/6mI/ZOlqo8/BAsY59\no9HsoQkJWF3J8iaDLV7gHcn0KhXH5mPEnlCP2mgZhiMotcec+2rjpj1ImBYwh7fn\nPHx9ilGYMgZgc62wFDMhcPoDFW8eY4BpcfaJtkpfHwihdLp2MCiQHbWI9wV4Z+pS\nmEZCxe/xNDrGI8M6DirAsbwohy4Rw0PVfXwJsRIUrxF2jlctXEGdtj0ek97gAyAP\nfnJ5C72K5XnFyyJeTv9L1j7tDrCnPiRZxJ0L1HJ8TN4DPax2rS7rl//29E/AVwSY\nSBEgkyqFQUHywtUsA5tOaU5P1gNurhek6h4q3hBv+f4GrGv4DoECggEBAPkhXBpi\nUyemEsMZsJIrLSZsleY7EniqLdYyKFKx9c2zy+EKXDs4NRIG2x77/mnxa80ylO5h\nfJEIpuEyT2CdUuQaC/iIESmeMfyviFv/vVmsSoVen7oEqVzDi/19FQAfN9DafU7J\nqo/uTUr50HUBVsKnv/GWrBCtwomvrPsweZ0JOfzy5QzfxUM6pkwCh+GL/GrRA80e\nVssISkmkugN/DyRbQKWAVrE5n35v203IlHiztREbbNfPLstBkDysve+H0+XaK6K7\n6gQ5nxIy359SvzipbmXIPGW94Ewpi6r2zEj/Oikb0ORF97F3Zkj+jUS7a7KC1+L8\nO5jkUoIOJbRDPl0CggEBAMMPPWUMF17t+9lklz/JjGrzmX85FjJ5vSb775Hi181c\niXuiariJNFSiMMnygUgztYAD7H5Vi0O0sqcF+gZopf/9YJb51TROd1towbeVcQWP\n7aEBtOaEMokKpLUp8ZoYOI8u66PebbykT3+40K/XYQceQ/wZv3DAsYsRPaR0O+k7\nPFmKtfUvLNYRwFv/TnLHPU/h1aeRicEEaOw5pi4oNGa88XbhpJMWbzji3UxOWnOc\nvgY/s+twKwvJaM8E4jEZdXFwfGSHzhy7WYRYBb4yixHZoBUdpQ35bzMemJyBDZJW\n8NaetHtag8BN/Cf3dsCSfNEU4af7siC2/opSnHsgKDECggEAcGr6SbmWtmx9SOad\nw8eR7yXOmn6LfkGkv2QQyAgf1/vLAziOl/ZsFD9dv2SM0DetooGxrMP21udljncK\nVJmJXv7V6gdUX0hQXCrFSGZlhkJ1uisRvnn+BqsCz5cS0+RCZo9BPj1IJvysiimi\nRDofcWUK+zQ3XqtZ/pF0aEDej9sq/JaKfz22oPilM+VsdX2aoITCx1tqZOHPy912\nRr+eEJTQ3h3EgOJ0szQ8bKQXQ0Qsb5TFj7ig7/0c3hRA/QZ4ut6xFBThq5hozGiC\nej13plTmSS2K+4or3ZJdwP7u/f2VvBkeMPPVqpIraMLc8mf0WDAsxPN23S4igSdr\nIiW5zQKCAQEAqIUGGcK0fkNFDrAlK+rI8a27s3pyfvFGRePrOjKtFrMX5ESRxxRi\nraviUta8ctCZwhuhuhPV2YzHvB0hwV+v6tXRGR6G4EXaQJLkqeLmXlPWjP+Ydn9H\n2bXkTtAJ94NteeajllOYox2hwUq+oOyG20t+mNL13kfcG7Wtd+Mjz4Bpx0JbqZQ0\nPE3hzploASm5Asate7P1O1i//TZhKAd8HjamtnqDYMBFHvSBFGetJa0JTwTCQGoM\nBobfkds6QAkqufLgxUm+/Huv/vK9I3EvTSCjeRq/eq9BLv0EBFJKk1+hewpqCxhM\nM1wsuarGYeEtDMXpnuOJJVJz3rU4k/dYQQKCAQEArCzPblZW7wLEPfaa+8NNUukD\njM7Xk3f6cpYs5Ipd12KCYSz//ttQ3neRQjnwkwsL1kP94OQI40XPMy1V2by3qNQv\nBNAzfxAaM+r3l5Ax+nXeoYRX3sUM5PB3FFoUfyG5MKmdNPNg4DL2FIa6qJstKbIh\naXr2irkqr76TvyFlMUocqTm72VM5+2QA5Mdhz0XUin0NC3cEQeBBZCNGKdsyRNNj\npoFQcUXlbHpk/plfXW6TdpXFB9I3Xk/Hd+r5TpQxFuVHrLEUH7EMBZOxOCUk2Q7/\nXufyg+WVkFjQG5V4RQr2On7WuFNUHiaSkm0iBOqrQpEtx+wAZha6JJRl/33Y6Q==\n-----END RSA PRIVATE KEY-----\n",
            "public_key_fingerprint_md5": "83:83:81:8c:9f:4a:b8:7a:26:35:86:06:bd:68:bf:45",
            "public_key_openssh": "ssh-rsa AAAAB3NzaC1yc2EAAAADAQABAAACAQC90z3bx1EIm8oM4VL2nwmfg2MDFqKrN6SlA8hli+PPDmnCppeQqNDCZylon97VyOZE6bxtVgRFF6ov4MB+x4NM7aaEoMRKGw6jPUBdhbEgKgaOEGrVNZcu+XVOVFdVIJaCbBVCyMo3op6zjphLJCBeOGDdz6YzKgflzSSXDmwfO/kvwdmgjA/ThIbtmGlbsdcETVfNUWOAu2uvcArO0W6fH0iBeIe2XKuqbLezzUCvJtiM40PhioFcdUKH4yBJXHb3GvLM5Xy1yri8Ucin2jcSrD1U9GXf9Zr2XGMla4lGvzOiDXdfn5NaG/J0TZwHOpyN5fv7r5W/Z1SWQmNvqzLHusF4IsS5N51+QOeQGLVI+Ls8K9XEZ/i66nl3GoYN0ZI6PZSVuP7Ju/n0Yax9gpkkzQRqQBJ54CJLSBX6L1vXHo9xspZsnhlb69m6umHo0GQnLjqiiAw5Nu+wnQQSegKnqCOxCNBJCAyUjIIOpLczUW9T+NvyX8bsC2qnrG984Y/HcBvlBAZ+hn+lqzSIkgXA0lROiBGY1DB0vzvIa0ygCFweCIiQRop/r1L5U9ZyqT5RvLSa62A82dpCnXu/qvmh3XYhjBQBtOg5gBdATcSULi6A+qXMQ8gMRpkdcqXEtxP+subJ1Avo4Bu3xl9+lfW0nrQ7YXu1SptGgztsfT13zQ==\n",
            "public_key_pem": "-----BEGIN PUBLIC KEY-----\nMIICIjANBgkqhkiG9w0BAQEFAAOCAg8AMIICCgKCAgEAvdM928dRCJvKDOFS9p8J\nn4NjAxaiqzekpQPIZYvjzw5pwqaXkKjQwmcpaJ/e1cjmROm8bVYERReqL+DAfseD\nTO2mhKDEShsOoz1AXYWxICoGjhBq1TWXLvl1TlRXVSCWgmwVQsjKN6Kes46YSyQg\nXjhg3c+mMyoH5c0klw5sHzv5L8HZoIwP04SG7ZhpW7HXBE1XzVFjgLtrr3AKztFu\nnx9IgXiHtlyrqmy3s81ArybYjOND4YqBXHVCh+MgSVx29xryzOV8tcq4vFHIp9o3\nEqw9VPRl3/Wa9lxjJWuJRr8zog13X5+TWhvydE2cBzqcjeX7+6+Vv2dUlkJjb6sy\nx7rBeCLEuTedfkDnkBi1SPi7PCvVxGf4uup5dxqGDdGSOj2Ulbj+ybv59GGsfYKZ\nJM0EakASeeAiS0gV+i9b1x6PcbKWbJ4ZW+vZurph6NBkJy46oogMOTbvsJ0EEnoC\np6gjsQjQSQgMlIyCDqS3M1FvU/jb8l/G7Atqp6xvfOGPx3Ab5QQGfoZ/pas0iJIF\nwNJUTogRmNQwdL87yGtMoAhcHgiIkEaKf69S+VPWcqk+Uby0mutgPNnaQp17v6r5\nod12IYwUAbToOYAXQE3ElC4ugPqlzEPIDEaZHXKlxLcT/rLmydQL6OAbt8ZffpX1\ntJ60O2F7tUqbRoM7bH09d80CAwEAAQ==\n-----END PUBLIC KEY-----\n",
            "rsa_bits": 4096
          },
          "sensitive_attributes": [],
          "private": "bnVsbA==",
          "create_before_destroy": true
        }
      ]
    }
  ]
}
