{
  "version": 4,
  "terraform_version": "1.1.9",
  "serial": 1116,
  "lineage": "1fe49cd1-4e4a-d191-7366-be46d59fb579",
  "outputs": {},
  "resources": [
    {
      "module": "module.s3_storage",
      "mode": "managed",
      "type": "aws_kms_key",
      "name": "kms_secret",
      "provider": "module.s3_storage.provider[\"registry.terraform.io/hashicorp/aws\"]",
      "instances": [
        {
          "schema_version": 0,
          "attributes": {
            "arn": "arn:aws:kms:us-west-2:857361946257:key/301173ee-d74a-4c67-bd68-43108e9fe37a",
            "bypass_policy_lockout_safety_check": false,
            "customer_master_key_spec": "SYMMETRIC_DEFAULT",
            "deletion_window_in_days": 7,
            "description": "KMS key",
            "enable_key_rotation": false,
            "id": "301173ee-d74a-4c67-bd68-43108e9fe37a",
            "is_enabled": true,
            "key_id": "301173ee-d74a-4c67-bd68-43108e9fe37a",
            "key_usage": "ENCRYPT_DECRYPT",
            "multi_region": false,
            "policy": "{\"Id\":\"key-default-1\",\"Statement\":[{\"Action\":\"kms:*\",\"Effect\":\"Allow\",\"Principal\":{\"AWS\":\"arn:aws:iam::857361946257:root\"},\"Resource\":\"*\",\"Sid\":\"Enable IAM User Permissions\"}],\"Version\":\"2012-10-17\"}",
            "tags": null,
            "tags_all": {}
          },
          "sensitive_attributes": [],
          "private": "bnVsbA=="
        }
      ]
    },
    {
      "module": "module.s3_storage",
      "mode": "managed",
      "type": "aws_s3_bucket",
      "name": "deploy_bucket",
      "provider": "module.s3_storage.provider[\"registry.terraform.io/hashicorp/aws\"]",
      "instances": [
        {
          "schema_version": 0,
          "attributes": {
            "acceleration_status": "",
            "acl": "public-read",
            "arn": "arn:aws:s3:::deploy-bucket-a71f9019-2b9b-8d1c-2bb0-089743933cf4",
            "bucket": "deploy-bucket-a71f9019-2b9b-8d1c-2bb0-089743933cf4",
            "bucket_domain_name": "deploy-bucket-a71f9019-2b9b-8d1c-2bb0-089743933cf4.s3.amazonaws.com",
            "bucket_prefix": null,
            "bucket_regional_domain_name": "deploy-bucket-a71f9019-2b9b-8d1c-2bb0-089743933cf4.s3.us-west-2.amazonaws.com",
            "cors_rule": [],
            "force_destroy": false,
            "grant": [],
            "hosted_zone_id": "Z3BJ6K6RIION7M",
            "id": "deploy-bucket-a71f9019-2b9b-8d1c-2bb0-089743933cf4",
            "lifecycle_rule": [],
            "logging": [],
            "object_lock_configuration": [],
            "policy": null,
            "region": "us-west-2",
            "replication_configuration": [],
            "request_payer": "BucketOwner",
            "server_side_encryption_configuration": [
              {
                "rule": [
                  {
                    "apply_server_side_encryption_by_default": [
                      {
                        "kms_master_key_id": "arn:aws:kms:us-west-2:857361946257:key/301173ee-d74a-4c67-bd68-43108e9fe37a",
                        "sse_algorithm": "aws:kms"
                      }
                    ],
                    "bucket_key_enabled": false
                  }
                ]
              }
            ],
            "tags": {
              "Environment": "dev",
              "Name": "Deploy bucket"
            },
            "tags_all": {
              "Environment": "dev",
              "Name": "Deploy bucket"
            },
            "versioning": [
              {
                "enabled": false,
                "mfa_delete": false
              }
            ],
            "website": [],
            "website_domain": null,
            "website_endpoint": null
          },
          "sensitive_attributes": [],
          "private": "bnVsbA==",
          "dependencies": [
            "module.s3_storage.aws_kms_key.kms_secret",
            "module.s3_storage.random_uuid.uuid"
          ]
        }
      ]
    },
    {
      "module": "module.s3_storage",
      "mode": "managed",
      "type": "random_uuid",
      "name": "uuid",
      "provider": "provider[\"registry.terraform.io/hashicorp/random\"]",
      "instances": [
        {
          "schema_version": 0,
          "attributes": {
            "id": "a71f9019-2b9b-8d1c-2bb0-089743933cf4",
            "keepers": null,
            "result": "a71f9019-2b9b-8d1c-2bb0-089743933cf4"
          },
          "sensitive_attributes": [],
          "private": "bnVsbA=="
        }
      ]
    }
  ]
}
