{
  "version": 4,
  "terraform_version": "1.1.9",
  "serial": 1269,
  "lineage": "1fe49cd1-4e4a-d191-7366-be46d59fb579",
  "outputs": {},
  "resources": [
    {
      "mode": "data",
      "type": "aws_ami",
      "name": "ubuntu",
      "provider": "provider[\"registry.terraform.io/hashicorp/aws\"]",
      "instances": [
        {
          "schema_version": 0,
          "attributes": {
            "architecture": "x86_64",
            "arn": "arn:aws:ec2:us-west-2::image/ami-0cb4e786f15603b0d",
            "block_device_mappings": [
              {
                "device_name": "/dev/sda1",
                "ebs": {
                  "delete_on_termination": "true",
                  "encrypted": "false",
                  "iops": "0",
                  "snapshot_id": "snap-09a162032cfa2511e",
                  "throughput": "0",
                  "volume_size": "8",
                  "volume_type": "gp2"
                },
                "no_device": "",
                "virtual_name": ""
              },
              {
                "device_name": "/dev/sdb",
                "ebs": {},
                "no_device": "",
                "virtual_name": "ephemeral0"
              },
              {
                "device_name": "/dev/sdc",
                "ebs": {},
                "no_device": "",
                "virtual_name": "ephemeral1"
              }
            ],
            "creation_date": "2022-04-19T21:02:56.000Z",
            "description": "Canonical, Ubuntu, 20.04 LTS, amd64 focal image build on 2022-04-19",
            "ena_support": true,
            "executable_users": null,
            "filter": [
              {
                "name": "name",
                "values": [
                  "ubuntu/images/hvm-ssd/ubuntu-focal-20.04-amd64-server-*"
                ]
              },
              {
                "name": "state",
                "values": [
                  "available"
                ]
              },
              {
                "name": "virtualization-type",
                "values": [
                  "hvm"
                ]
              }
            ],
            "hypervisor": "xen",
            "id": "ami-0cb4e786f15603b0d",
            "image_id": "ami-0cb4e786f15603b0d",
            "image_location": "099720109477/ubuntu/images/hvm-ssd/ubuntu-focal-20.04-amd64-server-20220419",
            "image_owner_alias": null,
            "image_type": "machine",
            "kernel_id": null,
            "most_recent": true,
            "name": "ubuntu/images/hvm-ssd/ubuntu-focal-20.04-amd64-server-20220419",
            "name_regex": null,
            "owner_id": "099720109477",
            "owners": [
              "099720109477"
            ],
            "platform": null,
            "platform_details": "Linux/UNIX",
            "product_codes": [],
            "public": true,
            "ramdisk_id": null,
            "root_device_name": "/dev/sda1",
            "root_device_type": "ebs",
            "root_snapshot_id": "snap-09a162032cfa2511e",
            "sriov_net_support": "simple",
            "state": "available",
            "state_reason": {
              "code": "UNSET",
              "message": "UNSET"
            },
            "tags": {},
            "usage_operation": "RunInstances",
            "virtualization_type": "hvm"
          },
          "sensitive_attributes": []
        }
      ]
    },
    {
      "mode": "managed",
      "type": "aws_vpc",
      "name": "main",
      "provider": "provider[\"registry.terraform.io/hashicorp/aws\"]",
      "instances": [
        {
          "schema_version": 1,
          "attributes": {
            "arn": "arn:aws:ec2:us-west-2:857361946257:vpc/vpc-08a099a81699567f7",
            "assign_generated_ipv6_cidr_block": false,
            "cidr_block": "172.16.0.0/16",
            "default_network_acl_id": "acl-0515528c154197b17",
            "default_route_table_id": "rtb-0486066781e36c9d3",
            "default_security_group_id": "sg-05f617144f0c69ffe",
            "dhcp_options_id": "dopt-0432003572779fc80",
            "enable_classiclink": false,
            "enable_classiclink_dns_support": false,
            "enable_dns_hostnames": false,
            "enable_dns_support": true,
            "id": "vpc-08a099a81699567f7",
            "instance_tenancy": "default",
            "ipv4_ipam_pool_id": null,
            "ipv4_netmask_length": null,
            "ipv6_association_id": "",
            "ipv6_cidr_block": "",
            "ipv6_ipam_pool_id": null,
            "ipv6_netmask_length": null,
            "main_route_table_id": "rtb-0486066781e36c9d3",
            "owner_id": "857361946257",
            "tags": {
              "Name": "main"
            },
            "tags_all": {
              "Name": "main"
            }
          },
          "sensitive_attributes": [],
          "private": "eyJzY2hlbWFfdmVyc2lvbiI6IjEifQ=="
        }
      ]
    },
    {
      "module": "module.private_instance",
      "mode": "managed",
      "type": "aws_instance",
      "name": "main",
      "provider": "module.private_instance.provider[\"registry.terraform.io/hashicorp/aws\"]",
      "instances": [
        {
          "schema_version": 1,
          "attributes": {
            "ami": "ami-0cb4e786f15603b0d",
            "arn": "arn:aws:ec2:us-west-2:857361946257:instance/i-069bdf9396b8f2261",
            "associate_public_ip_address": false,
            "availability_zone": "us-west-2a",
            "capacity_reservation_specification": [
              {
                "capacity_reservation_preference": "open",
                "capacity_reservation_target": []
              }
            ],
            "cpu_core_count": 1,
            "cpu_threads_per_core": 1,
            "credit_specification": [
              {
                "cpu_credits": "standard"
              }
            ],
            "disable_api_termination": false,
            "ebs_block_device": [],
            "ebs_optimized": false,
            "enclave_options": [
              {
                "enabled": false
              }
            ],
            "ephemeral_block_device": [],
            "get_password_data": false,
            "hibernation": false,
            "host_id": null,
            "iam_instance_profile": "",
            "id": "i-069bdf9396b8f2261",
            "instance_initiated_shutdown_behavior": "stop",
            "instance_state": "running",
            "instance_type": "t2.micro",
            "ipv6_address_count": 0,
            "ipv6_addresses": [],
            "key_name": "",
            "launch_template": [],
            "metadata_options": [
              {
                "http_endpoint": "enabled",
                "http_put_response_hop_limit": 1,
                "http_tokens": "optional"
              }
            ],
            "monitoring": false,
            "network_interface": [
              {
                "delete_on_termination": false,
                "device_index": 0,
                "network_interface_id": "eni-07ca429d39a9c61c3"
              }
            ],
            "outpost_arn": "",
            "password_data": "",
            "placement_group": "",
            "placement_partition_number": null,
            "primary_network_interface_id": "eni-07ca429d39a9c61c3",
            "private_dns": "ip-172-16-11-100.us-west-2.compute.internal",
            "private_ip": "172.16.11.100",
            "public_dns": "",
            "public_ip": "",
            "root_block_device": [
              {
                "delete_on_termination": true,
                "device_name": "/dev/sda1",
                "encrypted": false,
                "iops": 100,
                "kms_key_id": "",
                "tags": {},
                "throughput": 0,
                "volume_id": "vol-016eef8f890508e49",
                "volume_size": 8,
                "volume_type": "gp2"
              }
            ],
            "secondary_private_ips": [],
            "security_groups": [],
            "source_dest_check": true,
            "subnet_id": "subnet-03c6e7f798fc5a585",
            "tags": {
              "Name": "CustomMain"
            },
            "tags_all": {
              "Name": "CustomMain"
            },
            "tenancy": "default",
            "timeouts": null,
            "user_data": null,
            "user_data_base64": null,
            "volume_tags": null,
            "vpc_security_group_ids": [
              "sg-05f617144f0c69ffe"
            ]
          },
          "sensitive_attributes": [],
          "private": "eyJlMmJmYjczMC1lY2FhLTExZTYtOGY4OC0zNDM2M2JjN2M0YzAiOnsiY3JlYXRlIjo2MDAwMDAwMDAwMDAsImRlbGV0ZSI6MTIwMDAwMDAwMDAwMCwidXBkYXRlIjo2MDAwMDAwMDAwMDB9LCJzY2hlbWFfdmVyc2lvbiI6IjEifQ==",
          "dependencies": [
            "aws_vpc.main",
            "data.aws_ami.ubuntu",
            "module.private_instance.aws_network_interface.main2",
            "module.private_instance.aws_subnet.main2"
          ]
        }
      ]
    },
    {
      "module": "module.private_instance",
      "mode": "managed",
      "type": "aws_instance",
      "name": "web",
      "provider": "module.private_instance.provider[\"registry.terraform.io/hashicorp/aws\"]",
      "instances": [
        {
          "index_key": 0,
          "schema_version": 1,
          "attributes": {
            "ami": "ami-0cb4e786f15603b0d",
            "arn": "arn:aws:ec2:us-west-2:857361946257:instance/i-0e58e792531b695b5",
            "associate_public_ip_address": true,
            "availability_zone": "us-west-2b",
            "capacity_reservation_specification": [
              {
                "capacity_reservation_preference": "open",
                "capacity_reservation_target": []
              }
            ],
            "cpu_core_count": 1,
            "cpu_threads_per_core": 1,
            "credit_specification": [
              {
                "cpu_credits": "standard"
              }
            ],
            "disable_api_termination": false,
            "ebs_block_device": [],
            "ebs_optimized": false,
            "enclave_options": [
              {
                "enabled": false
              }
            ],
            "ephemeral_block_device": [],
            "get_password_data": false,
            "hibernation": false,
            "host_id": null,
            "iam_instance_profile": "",
            "id": "i-0e58e792531b695b5",
            "instance_initiated_shutdown_behavior": "stop",
            "instance_state": "running",
            "instance_type": "t2.micro",
            "ipv6_address_count": 0,
            "ipv6_addresses": [],
            "key_name": "deploy_key",
            "launch_template": [],
            "metadata_options": [
              {
                "http_endpoint": "enabled",
                "http_put_response_hop_limit": 1,
                "http_tokens": "optional"
              }
            ],
            "monitoring": false,
            "network_interface": [],
            "outpost_arn": "",
            "password_data": "",
            "placement_group": "",
            "placement_partition_number": null,
            "primary_network_interface_id": "eni-04b0b36adae110b63",
            "private_dns": "ip-172-31-16-174.us-west-2.compute.internal",
            "private_ip": "172.31.16.174",
            "public_dns": "ec2-54-188-70-4.us-west-2.compute.amazonaws.com",
            "public_ip": "54.188.70.4",
            "root_block_device": [
              {
                "delete_on_termination": true,
                "device_name": "/dev/sda1",
                "encrypted": false,
                "iops": 100,
                "kms_key_id": "",
                "tags": {},
                "throughput": 0,
                "volume_id": "vol-09c2bb28df33a7d47",
                "volume_size": 8,
                "volume_type": "gp2"
              }
            ],
            "secondary_private_ips": [],
            "security_groups": [
              "allow_tcp",
              "allow_web"
            ],
            "source_dest_check": true,
            "subnet_id": "subnet-0d5f515af589fe9a0",
            "tags": {
              "Environment": "dev",
              "Name": "TestAppService",
              "Owner": "OlehSobchuk"
            },
            "tags_all": {
              "Environment": "dev",
              "Name": "TestAppService",
              "Owner": "OlehSobchuk"
            },
            "tenancy": "default",
            "timeouts": null,
            "user_data": "dd5ad147ad8ebd2cc947d381e9f429cc0d3ee0ba",
            "user_data_base64": null,
            "volume_tags": null,
            "vpc_security_group_ids": [
              "sg-0240b2f99dea512d2",
              "sg-02fe2f96a291533bc"
            ]
          },
          "sensitive_attributes": [],
          "private": "eyJlMmJmYjczMC1lY2FhLTExZTYtOGY4OC0zNDM2M2JjN2M0YzAiOnsiY3JlYXRlIjo2MDAwMDAwMDAwMDAsImRlbGV0ZSI6MTIwMDAwMDAwMDAwMCwidXBkYXRlIjo2MDAwMDAwMDAwMDB9LCJzY2hlbWFfdmVyc2lvbiI6IjEifQ==",
          "dependencies": [
            "data.aws_ami.ubuntu",
            "module.private_instance.aws_key_pair.deploy",
            "module.private_instance.aws_security_group.allow_tcp",
            "module.private_instance.aws_security_group.allow_web",
            "module.private_instance.tls_private_key.deploy_key"
          ],
          "create_before_destroy": true
        }
      ]
    },
    {
      "module": "module.private_instance",
      "mode": "managed",
      "type": "aws_internet_gateway",
      "name": "main",
      "provider": "module.private_instance.provider[\"registry.terraform.io/hashicorp/aws\"]",
      "instances": [
        {
          "schema_version": 0,
          "attributes": {
            "arn": "arn:aws:ec2:us-west-2:857361946257:internet-gateway/igw-08f3ea90ef62a2c98",
            "id": "igw-08f3ea90ef62a2c98",
            "owner_id": "857361946257",
            "tags": {
              "Name": "main"
            },
            "tags_all": {
              "Name": "main"
            },
            "vpc_id": "vpc-08a099a81699567f7"
          },
          "sensitive_attributes": [],
          "private": "bnVsbA==",
          "dependencies": [
            "aws_vpc.main"
          ]
        }
      ]
    },
    {
      "module": "module.private_instance",
      "mode": "managed",
      "type": "aws_key_pair",
      "name": "deploy",
      "provider": "module.private_instance.provider[\"registry.terraform.io/hashicorp/aws\"]",
      "instances": [
        {
          "schema_version": 1,
          "attributes": {
            "arn": "arn:aws:ec2:us-west-2:857361946257:key-pair/deploy_key",
            "fingerprint": "2c:3a:06:9f:c9:f3:4a:54:89:09:22:29:1d:74:b6:5f",
            "id": "deploy_key",
            "key_name": "deploy_key",
            "key_name_prefix": "",
            "key_pair_id": "key-0a0946887bbd8cab4",
            "public_key": "ssh-rsa AAAAB3NzaC1yc2EAAAADAQABAAACAQCjAS/Ca75GLfXexeRl2eTvCKoOew8czvg1WSlQi5dHULXACoQtWaeirIKH2MQFt7hgG6Qr1g5Ywf9/8PK4l3iSgqiPxCINlS8EIhD1zPNrW9Nn17z32IoSf6pNr67e3EpMwuFK4v+xZr/smtbCxoEAcjtPqxnNimvHlaOPOhGLwsD5F7TRsOhKmhPAbsoZpJ+SfzwVFI+oI/xOlhGt40R3s9MbaJxMQ2GQYnwBfbYWH2WZ9scWSElG8aOIycOtD3gVLwVRBtA1KYx7F2vZ0d4n04lHpt/hJVmxDR+07vVaGwS+kwVlNCwmOkHdfo7cm7O8Qof8DkYp0/Xl7xjDW/KfhlcYDGypVG9g+L6Pm94nsJpn0LyDltg/uyGYFn6XrGbMoCcaZN+oEqxS3/hLL4xrJg08tByepOE1SRlnZPTXYnmWgen1ijtpvmqOAvcQMIYv6tP/7LUD81Dr47C4dG0amocuqw4ia2xpok09vXBUdmGpMs/y9XiqTNwo3vEPbR/8KvCxnCj6uS9N3Eivbh86YtIFFY1wyb9v1b3W68X4nF/g35pKLz/nLsbX10jkicU2QkMwRhvM19QQRzBSmI+tYKzdhYRswP51cdcBDjfcK+TNEmJb08vv4kwF4pTcNoDrttiudpeylNymdGTEdmCSjXFpZpCyjndl6WoRxO9HGw==",
            "tags": {
              "Creator": "OlehSobchuk"
            },
            "tags_all": {
              "Creator": "OlehSobchuk"
            }
          },
          "sensitive_attributes": [],
          "private": "eyJzY2hlbWFfdmVyc2lvbiI6IjEifQ==",
          "dependencies": [
            "module.private_instance.tls_private_key.deploy_key"
          ],
          "create_before_destroy": true
        }
      ]
    },
    {
      "module": "module.private_instance",
      "mode": "managed",
      "type": "aws_network_interface",
      "name": "main",
      "provider": "module.private_instance.provider[\"registry.terraform.io/hashicorp/aws\"]",
      "instances": [
        {
          "schema_version": 0,
          "attributes": {
            "arn": "arn:aws:ec2:us-west-2:857361946257:network-interface/eni-07f1fdf6f4b737578",
            "attachment": [],
            "description": "",
            "id": "eni-07f1fdf6f4b737578",
            "interface_type": "interface",
            "ipv4_prefix_count": 0,
            "ipv4_prefixes": [],
            "ipv6_address_count": 0,
            "ipv6_addresses": [],
            "ipv6_prefix_count": 0,
            "ipv6_prefixes": [],
            "mac_address": "06:98:46:ae:3a:87",
            "outpost_arn": "",
            "owner_id": "857361946257",
            "private_dns_name": "",
            "private_ip": "172.16.10.100",
            "private_ips": [
              "172.16.10.100"
            ],
            "private_ips_count": 0,
            "security_groups": [
              "sg-05f617144f0c69ffe"
            ],
            "source_dest_check": true,
            "subnet_id": "subnet-0da7a686e6ad5fc08",
            "tags": {
              "Name": "CustomMain"
            },
            "tags_all": {
              "Name": "CustomMain"
            }
          },
          "sensitive_attributes": [],
          "private": "bnVsbA==",
          "dependencies": [
            "aws_vpc.main",
            "module.private_instance.aws_subnet.main"
          ]
        }
      ]
    },
    {
      "module": "module.private_instance",
      "mode": "managed",
      "type": "aws_network_interface",
      "name": "main2",
      "provider": "module.private_instance.provider[\"registry.terraform.io/hashicorp/aws\"]",
      "instances": [
        {
          "schema_version": 0,
          "attributes": {
            "arn": "arn:aws:ec2:us-west-2:857361946257:network-interface/eni-07ca429d39a9c61c3",
            "attachment": [],
            "description": "",
            "id": "eni-07ca429d39a9c61c3",
            "interface_type": "interface",
            "ipv4_prefix_count": 0,
            "ipv4_prefixes": [],
            "ipv6_address_count": 0,
            "ipv6_addresses": [],
            "ipv6_prefix_count": 0,
            "ipv6_prefixes": [],
            "mac_address": "06:88:c3:76:48:7b",
            "outpost_arn": "",
            "owner_id": "857361946257",
            "private_dns_name": "",
            "private_ip": "172.16.11.100",
            "private_ips": [
              "172.16.11.100"
            ],
            "private_ips_count": 0,
            "security_groups": [
              "sg-05f617144f0c69ffe"
            ],
            "source_dest_check": true,
            "subnet_id": "subnet-03c6e7f798fc5a585",
            "tags": {
              "Name": "CustomMain2"
            },
            "tags_all": {
              "Name": "CustomMain2"
            }
          },
          "sensitive_attributes": [],
          "private": "bnVsbA==",
          "dependencies": [
            "aws_vpc.main",
            "module.private_instance.aws_subnet.main2"
          ]
        }
      ]
    },
    {
      "module": "module.private_instance",
      "mode": "managed",
      "type": "aws_route_table",
      "name": "main",
      "provider": "module.private_instance.provider[\"registry.terraform.io/hashicorp/aws\"]",
      "instances": [
        {
          "schema_version": 0,
          "attributes": {
            "arn": "arn:aws:ec2:us-west-2:857361946257:route-table/rtb-022b26ad1703fac56",
            "id": "rtb-022b26ad1703fac56",
            "owner_id": "857361946257",
            "propagating_vgws": [],
            "route": [
              {
                "carrier_gateway_id": "",
                "cidr_block": "10.0.1.0/24",
                "destination_prefix_list_id": "",
                "egress_only_gateway_id": "",
                "gateway_id": "igw-08f3ea90ef62a2c98",
                "instance_id": "",
                "ipv6_cidr_block": "",
                "local_gateway_id": "",
                "nat_gateway_id": "",
                "network_interface_id": "",
                "transit_gateway_id": "",
                "vpc_endpoint_id": "",
                "vpc_peering_connection_id": ""
              }
            ],
            "tags": {
              "Name": "RouteMain"
            },
            "tags_all": {
              "Name": "RouteMain"
            },
            "timeouts": null,
            "vpc_id": "vpc-08a099a81699567f7"
          },
          "sensitive_attributes": [],
          "private": "eyJlMmJmYjczMC1lY2FhLTExZTYtOGY4OC0zNDM2M2JjN2M0YzAiOnsiY3JlYXRlIjoxMjAwMDAwMDAwMDAsImRlbGV0ZSI6MzAwMDAwMDAwMDAwLCJ1cGRhdGUiOjEyMDAwMDAwMDAwMH19",
          "dependencies": [
            "aws_vpc.main",
            "module.private_instance.aws_internet_gateway.main"
          ]
        }
      ]
    },
    {
      "module": "module.private_instance",
      "mode": "managed",
      "type": "aws_route_table_association",
      "name": "main",
      "provider": "module.private_instance.provider[\"registry.terraform.io/hashicorp/aws\"]",
      "instances": [
        {
          "schema_version": 0,
          "attributes": {
            "gateway_id": "",
            "id": "rtbassoc-0c0c5de3232085e0b",
            "route_table_id": "rtb-022b26ad1703fac56",
            "subnet_id": "subnet-03c6e7f798fc5a585"
          },
          "sensitive_attributes": [],
          "private": "bnVsbA==",
          "dependencies": [
            "aws_vpc.main",
            "module.private_instance.aws_internet_gateway.main",
            "module.private_instance.aws_route_table.main",
            "module.private_instance.aws_subnet.main2"
          ]
        }
      ]
    },
    {
      "module": "module.private_instance",
      "mode": "managed",
      "type": "aws_security_group",
      "name": "allow_tcp",
      "provider": "module.private_instance.provider[\"registry.terraform.io/hashicorp/aws\"]",
      "instances": [
        {
          "schema_version": 1,
          "attributes": {
            "arn": "arn:aws:ec2:us-west-2:857361946257:security-group/sg-0240b2f99dea512d2",
            "description": "Allow TCP inbound traffic",
            "egress": [
              {
                "cidr_blocks": [
                  "0.0.0.0/0"
                ],
                "description": "",
                "from_port": 0,
                "ipv6_cidr_blocks": [],
                "prefix_list_ids": [],
                "protocol": "-1",
                "security_groups": [],
                "self": false,
                "to_port": 0
              }
            ],
            "id": "sg-0240b2f99dea512d2",
            "ingress": [
              {
                "cidr_blocks": [
                  "0.0.0.0/0"
                ],
                "description": "",
                "from_port": 22,
                "ipv6_cidr_blocks": [],
                "prefix_list_ids": [],
                "protocol": "tcp",
                "security_groups": [],
                "self": false,
                "to_port": 22
              }
            ],
            "name": "allow_tcp",
            "name_prefix": "",
            "owner_id": "857361946257",
            "revoke_rules_on_delete": false,
            "tags": null,
            "tags_all": {},
            "timeouts": null,
            "vpc_id": "vpc-09d62e482db835122"
          },
          "sensitive_attributes": [],
          "private": "eyJlMmJmYjczMC1lY2FhLTExZTYtOGY4OC0zNDM2M2JjN2M0YzAiOnsiY3JlYXRlIjo2MDAwMDAwMDAwMDAsImRlbGV0ZSI6OTAwMDAwMDAwMDAwfSwic2NoZW1hX3ZlcnNpb24iOiIxIn0=",
          "create_before_destroy": true
        }
      ]
    },
    {
      "module": "module.private_instance",
      "mode": "managed",
      "type": "aws_security_group",
      "name": "allow_web",
      "provider": "module.private_instance.provider[\"registry.terraform.io/hashicorp/aws\"]",
      "instances": [
        {
          "schema_version": 1,
          "attributes": {
            "arn": "arn:aws:ec2:us-west-2:857361946257:security-group/sg-02fe2f96a291533bc",
            "description": "Allow HTTP(S) inbound traffic",
            "egress": [
              {
                "cidr_blocks": [
                  "0.0.0.0/0"
                ],
                "description": "",
                "from_port": 0,
                "ipv6_cidr_blocks": [],
                "prefix_list_ids": [],
                "protocol": "-1",
                "security_groups": [],
                "self": false,
                "to_port": 0
              }
            ],
            "id": "sg-02fe2f96a291533bc",
            "ingress": [
              {
                "cidr_blocks": [
                  "0.0.0.0/0"
                ],
                "description": "HTTP from VPC",
                "from_port": 80,
                "ipv6_cidr_blocks": [],
                "prefix_list_ids": [],
                "protocol": "tcp",
                "security_groups": [],
                "self": false,
                "to_port": 80
              },
              {
                "cidr_blocks": [
                  "0.0.0.0/0"
                ],
                "description": "TLS from VPC",
                "from_port": 443,
                "ipv6_cidr_blocks": [],
                "prefix_list_ids": [],
                "protocol": "tcp",
                "security_groups": [],
                "self": false,
                "to_port": 443
              }
            ],
            "name": "allow_web",
            "name_prefix": "",
            "owner_id": "857361946257",
            "revoke_rules_on_delete": false,
            "tags": null,
            "tags_all": {},
            "timeouts": null,
            "vpc_id": "vpc-09d62e482db835122"
          },
          "sensitive_attributes": [],
          "private": "eyJlMmJmYjczMC1lY2FhLTExZTYtOGY4OC0zNDM2M2JjN2M0YzAiOnsiY3JlYXRlIjo2MDAwMDAwMDAwMDAsImRlbGV0ZSI6OTAwMDAwMDAwMDAwfSwic2NoZW1hX3ZlcnNpb24iOiIxIn0=",
          "create_before_destroy": true
        }
      ]
    },
    {
      "module": "module.private_instance",
      "mode": "managed",
      "type": "aws_subnet",
      "name": "main",
      "provider": "module.private_instance.provider[\"registry.terraform.io/hashicorp/aws\"]",
      "instances": [
        {
          "schema_version": 1,
          "attributes": {
            "arn": "arn:aws:ec2:us-west-2:857361946257:subnet/subnet-0da7a686e6ad5fc08",
            "assign_ipv6_address_on_creation": false,
            "availability_zone": "us-west-2a",
            "availability_zone_id": "usw2-az2",
            "cidr_block": "172.16.10.0/24",
            "customer_owned_ipv4_pool": "",
            "id": "subnet-0da7a686e6ad5fc08",
            "ipv6_cidr_block": "",
            "ipv6_cidr_block_association_id": "",
            "map_customer_owned_ip_on_launch": false,
            "map_public_ip_on_launch": true,
            "outpost_arn": "",
            "owner_id": "857361946257",
            "tags": {
              "Name": "CustomMain"
            },
            "tags_all": {
              "Name": "CustomMain"
            },
            "timeouts": null,
            "vpc_id": "vpc-08a099a81699567f7"
          },
          "sensitive_attributes": [],
          "private": "eyJlMmJmYjczMC1lY2FhLTExZTYtOGY4OC0zNDM2M2JjN2M0YzAiOnsiY3JlYXRlIjo2MDAwMDAwMDAwMDAsImRlbGV0ZSI6MTIwMDAwMDAwMDAwMH0sInNjaGVtYV92ZXJzaW9uIjoiMSJ9",
          "dependencies": [
            "aws_vpc.main"
          ]
        }
      ]
    },
    {
      "module": "module.private_instance",
      "mode": "managed",
      "type": "aws_subnet",
      "name": "main2",
      "provider": "module.private_instance.provider[\"registry.terraform.io/hashicorp/aws\"]",
      "instances": [
        {
          "schema_version": 1,
          "attributes": {
            "arn": "arn:aws:ec2:us-west-2:857361946257:subnet/subnet-03c6e7f798fc5a585",
            "assign_ipv6_address_on_creation": false,
            "availability_zone": "us-west-2a",
            "availability_zone_id": "usw2-az2",
            "cidr_block": "172.16.11.0/24",
            "customer_owned_ipv4_pool": "",
            "id": "subnet-03c6e7f798fc5a585",
            "ipv6_cidr_block": "",
            "ipv6_cidr_block_association_id": "",
            "map_customer_owned_ip_on_launch": false,
            "map_public_ip_on_launch": false,
            "outpost_arn": "",
            "owner_id": "857361946257",
            "tags": {
              "Name": "CustomMain2"
            },
            "tags_all": {
              "Name": "CustomMain2"
            },
            "timeouts": null,
            "vpc_id": "vpc-08a099a81699567f7"
          },
          "sensitive_attributes": [],
          "private": "eyJlMmJmYjczMC1lY2FhLTExZTYtOGY4OC0zNDM2M2JjN2M0YzAiOnsiY3JlYXRlIjo2MDAwMDAwMDAwMDAsImRlbGV0ZSI6MTIwMDAwMDAwMDAwMH0sInNjaGVtYV92ZXJzaW9uIjoiMSJ9",
          "dependencies": [
            "aws_vpc.main"
          ]
        }
      ]
    },
    {
      "module": "module.private_instance",
      "mode": "managed",
      "type": "local_file",
      "name": "private_key",
      "provider": "provider[\"registry.terraform.io/hashicorp/local\"]",
      "instances": [
        {
          "schema_version": 0,
          "attributes": {
            "content": "-----BEGIN RSA PRIVATE KEY-----\nMIIJJwIBAAKCAgEAowEvwmu+Ri313sXkZdnk7wiqDnsPHM74NVkpUIuXR1C1wAqE\nLVmnoqyCh9jEBbe4YBukK9YOWMH/f/DyuJd4koKoj8QiDZUvBCIQ9czza1vTZ9e8\n99iKEn+qTa+u3txKTMLhSuL/sWa/7JrWwsaBAHI7T6sZzYprx5WjjzoRi8LA+Re0\n0bDoSpoTwG7KGaSfkn88FRSPqCP8TpYRreNEd7PTG2icTENhkGJ8AX22Fh9lmfbH\nFkhJRvGjiMnDrQ94FS8FUQbQNSmMexdr2dHeJ9OJR6bf4SVZsQ0ftO71WhsEvpMF\nZTQsJjpB3X6O3JuzvEKH/A5GKdP15e8Yw1vyn4ZXGAxsqVRvYPi+j5veJ7CaZ9C8\ng5bYP7shmBZ+l6xmzKAnGmTfqBKsUt/4Sy+MayYNPLQcnqThNUkZZ2T012J5loHp\n9Yo7ab5qjgL3EDCGL+rT/+y1A/NQ6+OwuHRtGpqHLqsOImtsaaJNPb1wVHZhqTLP\n8vV4qkzcKN7xD20f/CrwsZwo+rkvTdxIr24fOmLSBRWNcMm/b9W91uvF+Jxf4N+a\nSi8/5y7G19dI5InFNkJDMEYbzNfUEEcwUpiPrWCs3YWEbMD+dXHXAQ433CvkzRJi\nW9PL7+JMBeKU3DaA67bYrnaXspTcpnRkxHZgko1xaWaQso53ZelqEcTvRxsCAwEA\nAQKCAgB7IxZVJNdkZKvsUkortuL+v+jXb5cHCELw6h4PvqPVN99U55zaNXQxq2gf\n/1x1hUg/MiJfCyFjY4oDuJ1jXOm0pAd6M4wV/rC5ypJNXTo1y/Rz6cHS6T3Eo7Sf\nYywTJw7p1f4jeD/4X8p0jrPWB+bD04eCs5qWbw7kguI//Hnsvn7QrVvnXGDemm55\nXDhIDtiM7pkQw6uSNT0QkMViOuEqHCpJ9ki8Q9qcHAnZhoHbTHSQTqAu8QSKF1iW\nqPSs85afShoWD7ORtYVuJ09OCQBtzZtTCXjuuCx9V5CwOiQWoXqADMhyn2sKpc/D\n5ys89FJe0VOw0YenaXvE604lpnwtWcdqbsrX1CaRw4KepwEpWsVCHBn6pltn+RSY\nexjPypZNAdO9EcPgqdpwG6i0UH+Z29pBRzTyX9bH04rpMQiomaDmcMC4FqgcHUiM\n7ESlv0EAhSeW9cIkbuV31u3Qh5ytzSZb3qhteZ2bEjjEHURw2OUvPuzEAF+Y70eJ\nxQLNbwcNzZoiz3l2K7quWf0/rneqKH2sHqV9sNZq9hX+HOnNKEmgKvQhieKfEzPf\n5cs0UVjkihaVJL/mBo+7f6cpglgjHHf/8oNThSy/xUU4Nxuj2WJARv2tM/3WmRSE\nEcmeGgiDPMR8+3T8Uc+42u6JnqZBWXdI75R+PAYfv887fHi6YQKCAQEAy2DPeKSU\n7QEDu9G4y6fwxG/3jX39MwijT249CTgO5IjdZdpGAB1QWPsVYhvs34fcFxNT3qsX\nn+3LiajnX8HkWgkLEqAmP5Y0/SeXrgu/1xOaYgUDsjvrjGvsAPtUgPS6sRdN8STX\nTXrdBbgH3WIfusxPJx65TVx689hmwFSyZEe2sNOhnih3S2T4qJ9qKtLZZIGkRCQ2\nHSKvqhliXqFcHI8h1J9/maa2PrSVi04GwPgBHY9UOtkVZzfd2WgebFq3GK+ikXoC\nX9T9xna/TQiOkWgcfyqx2aXEcDc7jAeu2smh7rBFPtPJIQAXHYLcD3tZqvkH2BM8\naydpAGMVyPWU9QKCAQEAzS4mC4hXF8mBsToE02XjYdIi0QeDY5fwicA2dtu1qsZr\nXp3VAZ48xAnrx+dUsEI5k4lNc5lQeQqfKU3kiuNEmNLVGdQN13/GdpHmXBvjmI87\nYmtaJTRk3RIDcOuAV5fJHpfFZeSuKOkbWXyAktdNDLbhBpqk9PjfFKyCfoRwzGz7\nTW/7CA2Dy4YRATdWSXHarH2mugfERQyg/2/QjqyNrdexjeJXQ2a36LaitvsADduN\nXScHhjK2vp6LVG5T705al9pVxE6Op+XzmD0WUUmjfzHT1YTKteX++0zgzyX81iYf\n6WsbOHVWG/9rJnHcwD+2b2JCCnBmmhiZPz3R6l9hzwKCAQBH0ZUSTlRE6XHPFn1C\ndbjBNaTes1oBdpBtEUm+gqxHqck9GXpUugVQlsHzVlcsjIZ9I5cfb521HT0eDKZA\nG3EvFjhxyFoZZEqsBxo6HO4O3l5LNOgcPaqteMLridVKgKGYvdkJSfA57SQ1y8oD\nNI5t4Y4mC2R2XC0TBR0r1/zzCpwKD4HoHvQZjLt+mGTeYHziUCGY6oytdz0/PR2O\nuz6S2zygH/7oXIXI2O5iNhiOdkW2kZG2AkjbnU/bYTg1HUfBEOzAoKxL+SPwvKhL\nZLUrxe8iPQp3CGG5GtgNV/04R7HGXzrkt9czrxt6kWZylSWSCcTqWcihMlaTC2p6\n/7YtAoIBABqpWIA/IzIQGS4yX9YoczeO2r9Wvpf+cl8z/t/LBPw/9EvDLp6bNUI0\nF9NOGA8fS+QD/3B6B57y5mOzn3L8vTkujEpi57mM/PkDVG+7oAN++TR8xqX2/PRN\nFu1hbLf1HUlAZ4IqCQd/4vHp37s1BuoUCYGWLsE2ZaaGFB7kjtPBhZY2auRM/UdB\nEIyb6DZ6+PNZEIUz5SkjzvfiS7N+cJqaYJQTSUuU2Wj/8nzceNFUKjZkj/G8PUrf\nxzMdcwKxp8v7rxFnM9pVYyXxKik97GTm0KP6MW0ZidyVzNCeGxCou5TVOiBH/vx8\nYCwKt6iznr0yg2pf2LVFZQR2wAQ4iLkCggEAK2LrbWRwhY4yYkqjT102z/fKOz/Z\nYG/D6aKyVsnJ/UxHMsb1jqD59FMPzpjc8UQvsxv5yWNDgZ9RGqxh3H85d+viiAz2\nynXYwVImDG3HauUitrHzwQQWY7hRvB4g6qvOZ5eX+Hd/rx4xPJKXaVyb7JBE5WNo\nDjTjSEVapofdODEIW/rq5VuPmSJlRdi78yPKNZe/TGmPlYHikYFnsou4/s8yEATY\nEDsGHn+2LLzaTztxjeQoqE+FUdnxbnMQkF2JW03BKn7QT8pU63+aE1yRF4O/MAAB\nfyJvER8338jsNTPuqjs7bfkp4ge+/p1e6XvE3Sl02V2NF/o3eK1U0Mcq+w==\n-----END RSA PRIVATE KEY-----\n",
            "content_base64": null,
            "directory_permission": "0777",
            "file_permission": "400",
            "filename": "modules/instance/deploy_key.pem",
            "id": "273b216e4ed9e36e32147cd5e867b049f647c800",
            "sensitive_content": null,
            "source": null
          },
          "sensitive_attributes": [
            [
              {
                "type": "get_attr",
                "value": "content"
              }
            ]
          ],
          "private": "bnVsbA==",
          "dependencies": [
            "module.private_instance.tls_private_key.deploy_key"
          ]
        }
      ]
    },
    {
      "module": "module.private_instance",
      "mode": "managed",
      "type": "tls_private_key",
      "name": "deploy_key",
      "provider": "provider[\"registry.terraform.io/hashicorp/tls\"]",
      "instances": [
        {
          "schema_version": 0,
          "attributes": {
            "algorithm": "RSA",
            "ecdsa_curve": "P224",
            "id": "7fc907d48b30b5752351f1b5b4919fe1e42cf0a1",
            "private_key_openssh": "-----BEGIN OPENSSH PRIVATE KEY-----\nb3BlbnNzaC1rZXktdjEAAAAABG5vbmUAAAAEbm9uZQAAAAAAAAABAAACFwAAAAdz\nc2gtcnNhAAAAAwEAAQAAAgEAowEvwmu+Ri313sXkZdnk7wiqDnsPHM74NVkpUIuX\nR1C1wAqELVmnoqyCh9jEBbe4YBukK9YOWMH/f/DyuJd4koKoj8QiDZUvBCIQ9czz\na1vTZ9e899iKEn+qTa+u3txKTMLhSuL/sWa/7JrWwsaBAHI7T6sZzYprx5WjjzoR\ni8LA+Re00bDoSpoTwG7KGaSfkn88FRSPqCP8TpYRreNEd7PTG2icTENhkGJ8AX22\nFh9lmfbHFkhJRvGjiMnDrQ94FS8FUQbQNSmMexdr2dHeJ9OJR6bf4SVZsQ0ftO71\nWhsEvpMFZTQsJjpB3X6O3JuzvEKH/A5GKdP15e8Yw1vyn4ZXGAxsqVRvYPi+j5ve\nJ7CaZ9C8g5bYP7shmBZ+l6xmzKAnGmTfqBKsUt/4Sy+MayYNPLQcnqThNUkZZ2T0\n12J5loHp9Yo7ab5qjgL3EDCGL+rT/+y1A/NQ6+OwuHRtGpqHLqsOImtsaaJNPb1w\nVHZhqTLP8vV4qkzcKN7xD20f/CrwsZwo+rkvTdxIr24fOmLSBRWNcMm/b9W91uvF\n+Jxf4N+aSi8/5y7G19dI5InFNkJDMEYbzNfUEEcwUpiPrWCs3YWEbMD+dXHXAQ43\n3CvkzRJiW9PL7+JMBeKU3DaA67bYrnaXspTcpnRkxHZgko1xaWaQso53ZelqEcTv\nRxsAAAc4m2x+qptsfqoAAAAHc3NoLXJzYQAAAgEAowEvwmu+Ri313sXkZdnk7wiq\nDnsPHM74NVkpUIuXR1C1wAqELVmnoqyCh9jEBbe4YBukK9YOWMH/f/DyuJd4koKo\nj8QiDZUvBCIQ9czza1vTZ9e899iKEn+qTa+u3txKTMLhSuL/sWa/7JrWwsaBAHI7\nT6sZzYprx5WjjzoRi8LA+Re00bDoSpoTwG7KGaSfkn88FRSPqCP8TpYRreNEd7PT\nG2icTENhkGJ8AX22Fh9lmfbHFkhJRvGjiMnDrQ94FS8FUQbQNSmMexdr2dHeJ9OJ\nR6bf4SVZsQ0ftO71WhsEvpMFZTQsJjpB3X6O3JuzvEKH/A5GKdP15e8Yw1vyn4ZX\nGAxsqVRvYPi+j5veJ7CaZ9C8g5bYP7shmBZ+l6xmzKAnGmTfqBKsUt/4Sy+MayYN\nPLQcnqThNUkZZ2T012J5loHp9Yo7ab5qjgL3EDCGL+rT/+y1A/NQ6+OwuHRtGpqH\nLqsOImtsaaJNPb1wVHZhqTLP8vV4qkzcKN7xD20f/CrwsZwo+rkvTdxIr24fOmLS\nBRWNcMm/b9W91uvF+Jxf4N+aSi8/5y7G19dI5InFNkJDMEYbzNfUEEcwUpiPrWCs\n3YWEbMD+dXHXAQ433CvkzRJiW9PL7+JMBeKU3DaA67bYrnaXspTcpnRkxHZgko1x\naWaQso53ZelqEcTvRxsAAAADAQABAAACAHsjFlUk12Rkq+xSSiu24v6/6NdvlwcI\nQvDqHg++o9U331TnnNo1dDGraB//XHWFSD8yIl8LIWNjigO4nWNc6bSkB3ozjBX+\nsLnKkk1dOjXL9HPpwdLpPcSjtJ9jLBMnDunV/iN4P/hfynSOs9YH5sPTh4KzmpZv\nDuSC4j/8eey+ftCtW+dcYN6abnlcOEgO2IzumRDDq5I1PRCQxWI64SocKkn2SLxD\n2pwcCdmGgdtMdJBOoC7xBIoXWJao9Kzzlp9KGhYPs5G1hW4nT04JAG3Nm1MJeO64\nLH1XkLA6JBaheoAMyHKfawqlz8PnKzz0Ul7RU7DRh6dpe8TrTiWmfC1Zx2puytfU\nJpHDgp6nASlaxUIcGfqmW2f5FJh7GM/Klk0B070Rw+Cp2nAbqLRQf5nb2kFHNPJf\n1sfTiukxCKiZoOZwwLgWqBwdSIzsRKW/QQCFJ5b1wiRu5XfW7dCHnK3NJlveqG15\nnZsSOMQdRHDY5S8+7MQAX5jvR4nFAs1vBw3NmiLPeXYruq5Z/T+ud6oofawepX2w\n1mr2Ff4c6c0oSaAq9CGJ4p8TM9/lyzRRWOSKFpUkv+YGj7t/pymCWCMcd//yg1OF\nLL/FRTg3G6PZYkBG/a0z/daZFIQRyZ4aCIM8xHz7dPxRz7ja7omepkFZd0jvlH48\nBh+/zzt8eLphAAABACti621kcIWOMmJKo09dNs/3yjs/2WBvw+mislbJyf1MRzLG\n9Y6g+fRTD86Y3PFEL7Mb+cljQ4GfURqsYdx/OXfr4ogM9sp12MFSJgxtx2rlIrax\n88EEFmO4UbweIOqrzmeXl/h3f68eMTySl2lcm+yQROVjaA4040hFWqaH3TgxCFv6\n6uVbj5kiZUXYu/MjyjWXv0xpj5WB4pGBZ7KLuP7PMhAE2BA7Bh5/tiy82k87cY3k\nKKhPhVHZ8W5zEJBdiVtNwSp+0E/KVOt/mhNckReDvzAAAX8ibxEfN9/I7DUz7qo7\nO235KeIHvv6dXul7xN0pdNldjRf6N3itVNDHKvsAAAEBAMtgz3iklO0BA7vRuMun\n8MRv9419/TMIo09uPQk4DuSI3WXaRgAdUFj7FWIb7N+H3BcTU96rF5/ty4mo51/B\n5FoJCxKgJj+WNP0nl64Lv9cTmmIFA7I764xr7AD7VID0urEXTfEk10163QW4B91i\nH7rMTyceuU1cevPYZsBUsmRHtrDToZ4od0tk+KifairS2WSBpEQkNh0ir6oZYl6h\nXByPIdSff5mmtj60lYtOBsD4AR2PVDrZFWc33dloHmxatxivopF6Al/U/cZ2v00I\njpFoHH8qsdmlxHA3O4wHrtrJoe6wRT7TySEAFx2C3A97War5B9gTPGsnaQBjFcj1\nlPUAAAEBAM0uJguIVxfJgbE6BNNl42HSItEHg2OX8InANnbbtarGa16d1QGePMQJ\n68fnVLBCOZOJTXOZUHkKnylN5IrjRJjS1RnUDdd/xnaR5lwb45iPO2JrWiU0ZN0S\nA3DrgFeXyR6XxWXkrijpG1l8gJLXTQy24QaapPT43xSsgn6EcMxs+01v+wgNg8uG\nEQE3Vklx2qx9proHxEUMoP9v0I6sja3XsY3iV0Nmt+i2orb7AA3bjV0nB4Yytr6e\ni1RuU+9OWpfaVcROjqfl85g9FlFJo38x09WEyrXl/vtM4M8l/NYmH+lrGzh1Vhv/\nayZx3MA/tm9iQgpwZpoYmT890epfYc8AAAAAAQID\n-----END OPENSSH PRIVATE KEY-----\n",
            "private_key_pem": "-----BEGIN RSA PRIVATE KEY-----\nMIIJJwIBAAKCAgEAowEvwmu+Ri313sXkZdnk7wiqDnsPHM74NVkpUIuXR1C1wAqE\nLVmnoqyCh9jEBbe4YBukK9YOWMH/f/DyuJd4koKoj8QiDZUvBCIQ9czza1vTZ9e8\n99iKEn+qTa+u3txKTMLhSuL/sWa/7JrWwsaBAHI7T6sZzYprx5WjjzoRi8LA+Re0\n0bDoSpoTwG7KGaSfkn88FRSPqCP8TpYRreNEd7PTG2icTENhkGJ8AX22Fh9lmfbH\nFkhJRvGjiMnDrQ94FS8FUQbQNSmMexdr2dHeJ9OJR6bf4SVZsQ0ftO71WhsEvpMF\nZTQsJjpB3X6O3JuzvEKH/A5GKdP15e8Yw1vyn4ZXGAxsqVRvYPi+j5veJ7CaZ9C8\ng5bYP7shmBZ+l6xmzKAnGmTfqBKsUt/4Sy+MayYNPLQcnqThNUkZZ2T012J5loHp\n9Yo7ab5qjgL3EDCGL+rT/+y1A/NQ6+OwuHRtGpqHLqsOImtsaaJNPb1wVHZhqTLP\n8vV4qkzcKN7xD20f/CrwsZwo+rkvTdxIr24fOmLSBRWNcMm/b9W91uvF+Jxf4N+a\nSi8/5y7G19dI5InFNkJDMEYbzNfUEEcwUpiPrWCs3YWEbMD+dXHXAQ433CvkzRJi\nW9PL7+JMBeKU3DaA67bYrnaXspTcpnRkxHZgko1xaWaQso53ZelqEcTvRxsCAwEA\nAQKCAgB7IxZVJNdkZKvsUkortuL+v+jXb5cHCELw6h4PvqPVN99U55zaNXQxq2gf\n/1x1hUg/MiJfCyFjY4oDuJ1jXOm0pAd6M4wV/rC5ypJNXTo1y/Rz6cHS6T3Eo7Sf\nYywTJw7p1f4jeD/4X8p0jrPWB+bD04eCs5qWbw7kguI//Hnsvn7QrVvnXGDemm55\nXDhIDtiM7pkQw6uSNT0QkMViOuEqHCpJ9ki8Q9qcHAnZhoHbTHSQTqAu8QSKF1iW\nqPSs85afShoWD7ORtYVuJ09OCQBtzZtTCXjuuCx9V5CwOiQWoXqADMhyn2sKpc/D\n5ys89FJe0VOw0YenaXvE604lpnwtWcdqbsrX1CaRw4KepwEpWsVCHBn6pltn+RSY\nexjPypZNAdO9EcPgqdpwG6i0UH+Z29pBRzTyX9bH04rpMQiomaDmcMC4FqgcHUiM\n7ESlv0EAhSeW9cIkbuV31u3Qh5ytzSZb3qhteZ2bEjjEHURw2OUvPuzEAF+Y70eJ\nxQLNbwcNzZoiz3l2K7quWf0/rneqKH2sHqV9sNZq9hX+HOnNKEmgKvQhieKfEzPf\n5cs0UVjkihaVJL/mBo+7f6cpglgjHHf/8oNThSy/xUU4Nxuj2WJARv2tM/3WmRSE\nEcmeGgiDPMR8+3T8Uc+42u6JnqZBWXdI75R+PAYfv887fHi6YQKCAQEAy2DPeKSU\n7QEDu9G4y6fwxG/3jX39MwijT249CTgO5IjdZdpGAB1QWPsVYhvs34fcFxNT3qsX\nn+3LiajnX8HkWgkLEqAmP5Y0/SeXrgu/1xOaYgUDsjvrjGvsAPtUgPS6sRdN8STX\nTXrdBbgH3WIfusxPJx65TVx689hmwFSyZEe2sNOhnih3S2T4qJ9qKtLZZIGkRCQ2\nHSKvqhliXqFcHI8h1J9/maa2PrSVi04GwPgBHY9UOtkVZzfd2WgebFq3GK+ikXoC\nX9T9xna/TQiOkWgcfyqx2aXEcDc7jAeu2smh7rBFPtPJIQAXHYLcD3tZqvkH2BM8\naydpAGMVyPWU9QKCAQEAzS4mC4hXF8mBsToE02XjYdIi0QeDY5fwicA2dtu1qsZr\nXp3VAZ48xAnrx+dUsEI5k4lNc5lQeQqfKU3kiuNEmNLVGdQN13/GdpHmXBvjmI87\nYmtaJTRk3RIDcOuAV5fJHpfFZeSuKOkbWXyAktdNDLbhBpqk9PjfFKyCfoRwzGz7\nTW/7CA2Dy4YRATdWSXHarH2mugfERQyg/2/QjqyNrdexjeJXQ2a36LaitvsADduN\nXScHhjK2vp6LVG5T705al9pVxE6Op+XzmD0WUUmjfzHT1YTKteX++0zgzyX81iYf\n6WsbOHVWG/9rJnHcwD+2b2JCCnBmmhiZPz3R6l9hzwKCAQBH0ZUSTlRE6XHPFn1C\ndbjBNaTes1oBdpBtEUm+gqxHqck9GXpUugVQlsHzVlcsjIZ9I5cfb521HT0eDKZA\nG3EvFjhxyFoZZEqsBxo6HO4O3l5LNOgcPaqteMLridVKgKGYvdkJSfA57SQ1y8oD\nNI5t4Y4mC2R2XC0TBR0r1/zzCpwKD4HoHvQZjLt+mGTeYHziUCGY6oytdz0/PR2O\nuz6S2zygH/7oXIXI2O5iNhiOdkW2kZG2AkjbnU/bYTg1HUfBEOzAoKxL+SPwvKhL\nZLUrxe8iPQp3CGG5GtgNV/04R7HGXzrkt9czrxt6kWZylSWSCcTqWcihMlaTC2p6\n/7YtAoIBABqpWIA/IzIQGS4yX9YoczeO2r9Wvpf+cl8z/t/LBPw/9EvDLp6bNUI0\nF9NOGA8fS+QD/3B6B57y5mOzn3L8vTkujEpi57mM/PkDVG+7oAN++TR8xqX2/PRN\nFu1hbLf1HUlAZ4IqCQd/4vHp37s1BuoUCYGWLsE2ZaaGFB7kjtPBhZY2auRM/UdB\nEIyb6DZ6+PNZEIUz5SkjzvfiS7N+cJqaYJQTSUuU2Wj/8nzceNFUKjZkj/G8PUrf\nxzMdcwKxp8v7rxFnM9pVYyXxKik97GTm0KP6MW0ZidyVzNCeGxCou5TVOiBH/vx8\nYCwKt6iznr0yg2pf2LVFZQR2wAQ4iLkCggEAK2LrbWRwhY4yYkqjT102z/fKOz/Z\nYG/D6aKyVsnJ/UxHMsb1jqD59FMPzpjc8UQvsxv5yWNDgZ9RGqxh3H85d+viiAz2\nynXYwVImDG3HauUitrHzwQQWY7hRvB4g6qvOZ5eX+Hd/rx4xPJKXaVyb7JBE5WNo\nDjTjSEVapofdODEIW/rq5VuPmSJlRdi78yPKNZe/TGmPlYHikYFnsou4/s8yEATY\nEDsGHn+2LLzaTztxjeQoqE+FUdnxbnMQkF2JW03BKn7QT8pU63+aE1yRF4O/MAAB\nfyJvER8338jsNTPuqjs7bfkp4ge+/p1e6XvE3Sl02V2NF/o3eK1U0Mcq+w==\n-----END RSA PRIVATE KEY-----\n",
            "public_key_fingerprint_md5": "38:6f:f3:16:c5:d8:38:bf:00:28:e0:e8:ce:dc:e7:1e",
            "public_key_fingerprint_sha256": "SHA256:f3yX/xsigMO+NKqFMQu/lWJpE+h3eKFCG0nOCrBArnA",
            "public_key_openssh": "ssh-rsa AAAAB3NzaC1yc2EAAAADAQABAAACAQCjAS/Ca75GLfXexeRl2eTvCKoOew8czvg1WSlQi5dHULXACoQtWaeirIKH2MQFt7hgG6Qr1g5Ywf9/8PK4l3iSgqiPxCINlS8EIhD1zPNrW9Nn17z32IoSf6pNr67e3EpMwuFK4v+xZr/smtbCxoEAcjtPqxnNimvHlaOPOhGLwsD5F7TRsOhKmhPAbsoZpJ+SfzwVFI+oI/xOlhGt40R3s9MbaJxMQ2GQYnwBfbYWH2WZ9scWSElG8aOIycOtD3gVLwVRBtA1KYx7F2vZ0d4n04lHpt/hJVmxDR+07vVaGwS+kwVlNCwmOkHdfo7cm7O8Qof8DkYp0/Xl7xjDW/KfhlcYDGypVG9g+L6Pm94nsJpn0LyDltg/uyGYFn6XrGbMoCcaZN+oEqxS3/hLL4xrJg08tByepOE1SRlnZPTXYnmWgen1ijtpvmqOAvcQMIYv6tP/7LUD81Dr47C4dG0amocuqw4ia2xpok09vXBUdmGpMs/y9XiqTNwo3vEPbR/8KvCxnCj6uS9N3Eivbh86YtIFFY1wyb9v1b3W68X4nF/g35pKLz/nLsbX10jkicU2QkMwRhvM19QQRzBSmI+tYKzdhYRswP51cdcBDjfcK+TNEmJb08vv4kwF4pTcNoDrttiudpeylNymdGTEdmCSjXFpZpCyjndl6WoRxO9HGw==\n",
            "public_key_pem": "-----BEGIN PUBLIC KEY-----\nMIICIjANBgkqhkiG9w0BAQEFAAOCAg8AMIICCgKCAgEAowEvwmu+Ri313sXkZdnk\n7wiqDnsPHM74NVkpUIuXR1C1wAqELVmnoqyCh9jEBbe4YBukK9YOWMH/f/DyuJd4\nkoKoj8QiDZUvBCIQ9czza1vTZ9e899iKEn+qTa+u3txKTMLhSuL/sWa/7JrWwsaB\nAHI7T6sZzYprx5WjjzoRi8LA+Re00bDoSpoTwG7KGaSfkn88FRSPqCP8TpYRreNE\nd7PTG2icTENhkGJ8AX22Fh9lmfbHFkhJRvGjiMnDrQ94FS8FUQbQNSmMexdr2dHe\nJ9OJR6bf4SVZsQ0ftO71WhsEvpMFZTQsJjpB3X6O3JuzvEKH/A5GKdP15e8Yw1vy\nn4ZXGAxsqVRvYPi+j5veJ7CaZ9C8g5bYP7shmBZ+l6xmzKAnGmTfqBKsUt/4Sy+M\nayYNPLQcnqThNUkZZ2T012J5loHp9Yo7ab5qjgL3EDCGL+rT/+y1A/NQ6+OwuHRt\nGpqHLqsOImtsaaJNPb1wVHZhqTLP8vV4qkzcKN7xD20f/CrwsZwo+rkvTdxIr24f\nOmLSBRWNcMm/b9W91uvF+Jxf4N+aSi8/5y7G19dI5InFNkJDMEYbzNfUEEcwUpiP\nrWCs3YWEbMD+dXHXAQ433CvkzRJiW9PL7+JMBeKU3DaA67bYrnaXspTcpnRkxHZg\nko1xaWaQso53ZelqEcTvRxsCAwEAAQ==\n-----END PUBLIC KEY-----\n",
            "rsa_bits": 4096
          },
          "sensitive_attributes": [],
          "private": "bnVsbA==",
          "create_before_destroy": true
        }
      ]
    },
    {
      "module": "module.s3_storage",
      "mode": "managed",
      "type": "aws_kms_key",
      "name": "kms_secret",
      "provider": "module.s3_storage.provider[\"registry.terraform.io/hashicorp/aws\"]",
      "instances": [
        {
          "schema_version": 0,
          "attributes": {
            "arn": "arn:aws:kms:us-west-2:857361946257:key/534c974f-1d85-4d29-92c4-c6fd08e1afea",
            "bypass_policy_lockout_safety_check": false,
            "customer_master_key_spec": "SYMMETRIC_DEFAULT",
            "deletion_window_in_days": 7,
            "description": "KMS key",
            "enable_key_rotation": false,
            "id": "534c974f-1d85-4d29-92c4-c6fd08e1afea",
            "is_enabled": true,
            "key_id": "534c974f-1d85-4d29-92c4-c6fd08e1afea",
            "key_usage": "ENCRYPT_DECRYPT",
            "multi_region": false,
            "policy": "{\"Id\":\"key-default-1\",\"Statement\":[{\"Action\":\"kms:*\",\"Effect\":\"Allow\",\"Principal\":{\"AWS\":\"arn:aws:iam::857361946257:root\"},\"Resource\":\"*\",\"Sid\":\"Enable IAM User Permissions\"}],\"Version\":\"2012-10-17\"}",
            "tags": null,
            "tags_all": {}
          },
          "sensitive_attributes": [],
          "private": "bnVsbA=="
        }
      ]
    },
    {
      "module": "module.s3_storage",
      "mode": "managed",
      "type": "aws_s3_bucket",
      "name": "deploy_bucket",
      "provider": "module.s3_storage.provider[\"registry.terraform.io/hashicorp/aws\"]",
      "instances": [
        {
          "schema_version": 0,
          "attributes": {
            "acceleration_status": "",
            "acl": "public-read",
            "arn": "arn:aws:s3:::deploy-bucket-f471643d-e734-41e9-fc53-6dfacabd46b1",
            "bucket": "deploy-bucket-f471643d-e734-41e9-fc53-6dfacabd46b1",
            "bucket_domain_name": "deploy-bucket-f471643d-e734-41e9-fc53-6dfacabd46b1.s3.amazonaws.com",
            "bucket_prefix": null,
            "bucket_regional_domain_name": "deploy-bucket-f471643d-e734-41e9-fc53-6dfacabd46b1.s3.us-west-2.amazonaws.com",
            "cors_rule": [],
            "force_destroy": false,
            "grant": [],
            "hosted_zone_id": "Z3BJ6K6RIION7M",
            "id": "deploy-bucket-f471643d-e734-41e9-fc53-6dfacabd46b1",
            "lifecycle_rule": [],
            "logging": [],
            "object_lock_configuration": [],
            "policy": null,
            "region": "us-west-2",
            "replication_configuration": [],
            "request_payer": "BucketOwner",
            "server_side_encryption_configuration": [
              {
                "rule": [
                  {
                    "apply_server_side_encryption_by_default": [
                      {
                        "kms_master_key_id": "arn:aws:kms:us-west-2:857361946257:key/534c974f-1d85-4d29-92c4-c6fd08e1afea",
                        "sse_algorithm": "aws:kms"
                      }
                    ],
                    "bucket_key_enabled": false
                  }
                ]
              }
            ],
            "tags": {
              "Environment": "dev",
              "Name": "Deploy bucket"
            },
            "tags_all": {
              "Environment": "dev",
              "Name": "Deploy bucket"
            },
            "versioning": [
              {
                "enabled": false,
                "mfa_delete": false
              }
            ],
            "website": [],
            "website_domain": null,
            "website_endpoint": null
          },
          "sensitive_attributes": [],
          "private": "bnVsbA==",
          "dependencies": [
            "module.s3_storage.aws_kms_key.kms_secret",
            "module.s3_storage.random_uuid.uuid"
          ]
        }
      ]
    },
    {
      "module": "module.s3_storage",
      "mode": "managed",
      "type": "random_uuid",
      "name": "uuid",
      "provider": "provider[\"registry.terraform.io/hashicorp/random\"]",
      "instances": [
        {
          "schema_version": 0,
          "attributes": {
            "id": "f471643d-e734-41e9-fc53-6dfacabd46b1",
            "keepers": null,
            "result": "f471643d-e734-41e9-fc53-6dfacabd46b1"
          },
          "sensitive_attributes": [],
          "private": "bnVsbA=="
        }
      ]
    }
  ]
}
